// !$*UTF8*$!
{
	archiveVersion = 1;
	classes = {
	};
	objectVersion = 77;
	objects = {

/* Begin PBXBuildFile section */
		A55D1D052DF8D3D80040CD2A /* NoItemsView.swift in Sources */ = {isa = PBXBuildFile; fileRef = A55D1D042DF8D3D50040CD2A /* NoItemsView.swift */; };
		A55D1D0A2DF946E30040CD2A /* monkeytodoicon.icon in Resources */ = {isa = PBXBuildFile; fileRef = A55D1D092DF946E30040CD2A /* monkeytodoicon.icon */; };
		A55D1D0C2DF947240040CD2A /* LaunchScreen.storyboard in Resources */ = {isa = PBXBuildFile; fileRef = A55D1D0B2DF947240040CD2A /* LaunchScreen.storyboard */; };
		A55D1D0D2DF947240040CD2A /* LaunchScreen.storyboard in Resources */ = {isa = PBXBuildFile; fileRef = A55D1D0B2DF947240040CD2A /* LaunchScreen.storyboard */; };
		A5F9BC672DF7E24900100E9A /* AddTaskView.swift in Sources */ = {isa = PBXBuildFile; fileRef = A5F9BC602DF7E24900100E9A /* AddTaskView.swift */; };
		A5F9BC682DF7E24900100E9A /* ListRowView.swift in Sources */ = {isa = PBXBuildFile; fileRef = A5F9BC612DF7E24900100E9A /* ListRowView.swift */; };
		A5F9BC692DF7E24900100E9A /* ListView.swift in Sources */ = {isa = PBXBuildFile; fileRef = A5F9BC622DF7E24900100E9A /* ListView.swift */; };
		A5F9BC6A2DF7E24900100E9A /* monkeytodoApp.swift in Sources */ = {isa = PBXBuildFile; fileRef = A5F9BC652DF7E24900100E9A /* monkeytodoApp.swift */; };
		A5F9BC6B2DF7E24900100E9A /* Preview Assets.xcassets in Resources */ = {isa = PBXBuildFile; fileRef = A5F9BC5E2DF7E24900100E9A /* Preview Assets.xcassets */; };
		A5F9BC6C2DF7E24900100E9A /* Assets.xcassets in Resources */ = {isa = PBXBuildFile; fileRef = A5F9BC642DF7E24900100E9A /* Assets.xcassets */; };
		A5F9BC6E2DF7E26500100E9A /* TodoItem.swift in Sources */ = {isa = PBXBuildFile; fileRef = A5F9BC6D2DF7E26500100E9A /* TodoItem.swift */; };
		A5F9BC712DF7EBAB00100E9A /* ListViewModel.swift in Sources */ = {isa = PBXBuildFile; fileRef = A5F9BC702DF7EBAB00100E9A /* ListViewModel.swift */; };
/* End PBXBuildFile section */

/* Begin PBXContainerItemProxy section */
		A5D780442DF6B3EC00E8E5D4 /* PBXContainerItemProxy */ = {
			isa = PBXContainerItemProxy;
			containerPortal = A5D7802B2DF6B3EA00E8E5D4 /* Project object */;
			proxyType = 1;
			remoteGlobalIDString = A5D780322DF6B3EA00E8E5D4;
			remoteInfo = monkeytodo;
		};
		A5D7804E2DF6B3EC00E8E5D4 /* PBXContainerItemProxy */ = {
			isa = PBXContainerItemProxy;
			containerPortal = A5D7802B2DF6B3EA00E8E5D4 /* Project object */;
			proxyType = 1;
			remoteGlobalIDString = A5D780322DF6B3EA00E8E5D4;
			remoteInfo = monkeytodo;
		};
/* End PBXContainerItemProxy section */

/* Begin PBXFileReference section */
		A55D1D042DF8D3D50040CD2A /* NoItemsView.swift */ = {isa = PBXFileReference; lastKnownFileType = sourcecode.swift; path = NoItemsView.swift; sourceTree = "<group>"; };
		A55D1D062DF9163E0040CD2A /* Info.plist */ = {isa = PBXFileReference; lastKnownFileType = text.plist; path = Info.plist; sourceTree = "<group>"; };
		A55D1D092DF946E30040CD2A /* monkeytodoicon.icon */ = {isa = PBXFileReference; lastKnownFileType = folder.iconcomposer.icon; path = monkeytodoicon.icon; sourceTree = "<group>"; };
		A55D1D0B2DF947240040CD2A /* LaunchScreen.storyboard */ = {isa = PBXFileReference; lastKnownFileType = file.storyboard; path = LaunchScreen.storyboard; sourceTree = "<group>"; };
		A5D780332DF6B3EA00E8E5D4 /* monkeytodo.app */ = {isa = PBXFileReference; explicitFileType = wrapper.application; includeInIndex = 0; path = monkeytodo.app; sourceTree = BUILT_PRODUCTS_DIR; };
		A5D780432DF6B3EC00E8E5D4 /* monkeytodoTests.xctest */ = {isa = PBXFileReference; explicitFileType = wrapper.cfbundle; includeInIndex = 0; path = monkeytodoTests.xctest; sourceTree = BUILT_PRODUCTS_DIR; };
		A5D7804D2DF6B3EC00E8E5D4 /* monkeytodoUITests.xctest */ = {isa = PBXFileReference; explicitFileType = wrapper.cfbundle; includeInIndex = 0; path = monkeytodoUITests.xctest; sourceTree = BUILT_PRODUCTS_DIR; };
		A5F9BC5E2DF7E24900100E9A /* Preview Assets.xcassets */ = {isa = PBXFileReference; lastKnownFileType = folder.assetcatalog; path = "Preview Assets.xcassets"; sourceTree = "<group>"; };
		A5F9BC602DF7E24900100E9A /* AddTaskView.swift */ = {isa = PBXFileReference; lastKnownFileType = sourcecode.swift; path = AddTaskView.swift; sourceTree = "<group>"; };
		A5F9BC612DF7E24900100E9A /* ListRowView.swift */ = {isa = PBXFileReference; lastKnownFileType = sourcecode.swift; path = ListRowView.swift; sourceTree = "<group>"; };
		A5F9BC622DF7E24900100E9A /* ListView.swift */ = {isa = PBXFileReference; lastKnownFileType = sourcecode.swift; path = ListView.swift; sourceTree = "<group>"; };
		A5F9BC642DF7E24900100E9A /* Assets.xcassets */ = {isa = PBXFileReference; lastKnownFileType = folder.assetcatalog; path = Assets.xcassets; sourceTree = "<group>"; };
		A5F9BC652DF7E24900100E9A /* monkeytodoApp.swift */ = {isa = PBXFileReference; lastKnownFileType = sourcecode.swift; path = monkeytodoApp.swift; sourceTree = "<group>"; };
		A5F9BC6D2DF7E26500100E9A /* TodoItem.swift */ = {isa = PBXFileReference; lastKnownFileType = sourcecode.swift; path = TodoItem.swift; sourceTree = "<group>"; };
		A5F9BC702DF7EBAB00100E9A /* ListViewModel.swift */ = {isa = PBXFileReference; lastKnownFileType = sourcecode.swift; path = ListViewModel.swift; sourceTree = "<group>"; };
/* End PBXFileReference section */

/* Begin PBXFileSystemSynchronizedRootGroup section */
		A5D780462DF6B3EC00E8E5D4 /* monkeytodoTests */ = {
			isa = PBXFileSystemSynchronizedRootGroup;
			path = monkeytodoTests;
			sourceTree = "<group>";
		};
		A5D780502DF6B3EC00E8E5D4 /* monkeytodoUITests */ = {
			isa = PBXFileSystemSynchronizedRootGroup;
			path = monkeytodoUITests;
			sourceTree = "<group>";
		};
/* End PBXFileSystemSynchronizedRootGroup section */

/* Begin PBXFrameworksBuildPhase section */
		A5D780302DF6B3EA00E8E5D4 /* Frameworks */ = {
			isa = PBXFrameworksBuildPhase;
			buildActionMask = 2147483647;
			files = (
			);
			runOnlyForDeploymentPostprocessing = 0;
		};
		A5D780402DF6B3EC00E8E5D4 /* Frameworks */ = {
			isa = PBXFrameworksBuildPhase;
			buildActionMask = 2147483647;
			files = (
			);
			runOnlyForDeploymentPostprocessing = 0;
		};
		A5D7804A2DF6B3EC00E8E5D4 /* Frameworks */ = {
			isa = PBXFrameworksBuildPhase;
			buildActionMask = 2147483647;
			files = (
			);
			runOnlyForDeploymentPostprocessing = 0;
		};
/* End PBXFrameworksBuildPhase section */

/* Begin PBXGroup section */
		A5D7802A2DF6B3EA00E8E5D4 = {
			isa = PBXGroup;
			children = (
				A5F9BC662DF7E24900100E9A /* monkeytodo */,
				A5D780462DF6B3EC00E8E5D4 /* monkeytodoTests */,
				A5D780502DF6B3EC00E8E5D4 /* monkeytodoUITests */,
				A5D780342DF6B3EA00E8E5D4 /* Products */,
			);
			sourceTree = "<group>";
		};
		A5D780342DF6B3EA00E8E5D4 /* Products */ = {
			isa = PBXGroup;
			children = (
				A5D780332DF6B3EA00E8E5D4 /* monkeytodo.app */,
				A5D780432DF6B3EC00E8E5D4 /* monkeytodoTests.xctest */,
				A5D7804D2DF6B3EC00E8E5D4 /* monkeytodoUITests.xctest */,
			);
			name = Products;
			sourceTree = "<group>";
		};
		A5F9BC5D2DF7E24900100E9A /* Models */ = {
			isa = PBXGroup;
			children = (
				A5F9BC6D2DF7E26500100E9A /* TodoItem.swift */,
			);
			path = Models;
			sourceTree = "<group>";
		};
		A5F9BC5F2DF7E24900100E9A /* Preview Content */ = {
			isa = PBXGroup;
			children = (
				A5F9BC5E2DF7E24900100E9A /* Preview Assets.xcassets */,
			);
			path = "Preview Content";
			sourceTree = "<group>";
		};
		A5F9BC632DF7E24900100E9A /* Views */ = {
			isa = PBXGroup;
			children = (
				A5F9BC602DF7E24900100E9A /* AddTaskView.swift */,
				A55D1D042DF8D3D50040CD2A /* NoItemsView.swift */,
				A5F9BC612DF7E24900100E9A /* ListRowView.swift */,
				A5F9BC622DF7E24900100E9A /* ListView.swift */,
			);
			path = Views;
			sourceTree = "<group>";
		};
		A5F9BC662DF7E24900100E9A /* monkeytodo */ = {
			isa = PBXGroup;
			children = (
				A55D1D0B2DF947240040CD2A /* LaunchScreen.storyboard */,
				A55D1D062DF9163E0040CD2A /* Info.plist */,
				A5F9BC6F2DF7EB8800100E9A /* ViewModel */,
				A5F9BC632DF7E24900100E9A /* Views */,
				A5F9BC5D2DF7E24900100E9A /* Models */,
				A5F9BC5F2DF7E24900100E9A /* Preview Content */,
				A5F9BC642DF7E24900100E9A /* Assets.xcassets */,
				A55D1D092DF946E30040CD2A /* monkeytodoicon.icon */,
				A5F9BC652DF7E24900100E9A /* monkeytodoApp.swift */,
			);
			path = monkeytodo;
			sourceTree = "<group>";
		};
		A5F9BC6F2DF7EB8800100E9A /* ViewModel */ = {
			isa = PBXGroup;
			children = (
				A5F9BC702DF7EBAB00100E9A /* ListViewModel.swift */,
			);
			path = ViewModel;
			sourceTree = "<group>";
		};
/* End PBXGroup section */

/* Begin PBXNativeTarget section */
		A5D780322DF6B3EA00E8E5D4 /* monkeytodo */ = {
			isa = PBXNativeTarget;
			buildConfigurationList = A5D780572DF6B3EC00E8E5D4 /* Build configuration list for PBXNativeTarget "monkeytodo" */;
			buildPhases = (
				A5D7802F2DF6B3EA00E8E5D4 /* Sources */,
				A5D780302DF6B3EA00E8E5D4 /* Frameworks */,
				A5D780312DF6B3EA00E8E5D4 /* Resources */,
			);
			buildRules = (
			);
			dependencies = (
			);
			name = monkeytodo;
			packageProductDependencies = (
			);
			productName = monkeytodo;
			productReference = A5D780332DF6B3EA00E8E5D4 /* monkeytodo.app */;
			productType = "com.apple.product-type.application";
		};
		A5D780422DF6B3EC00E8E5D4 /* monkeytodoTests */ = {
			isa = PBXNativeTarget;
			buildConfigurationList = A5D7805A2DF6B3EC00E8E5D4 /* Build configuration list for PBXNativeTarget "monkeytodoTests" */;
			buildPhases = (
				A5D7803F2DF6B3EC00E8E5D4 /* Sources */,
				A5D780402DF6B3EC00E8E5D4 /* Frameworks */,
				A5D780412DF6B3EC00E8E5D4 /* Resources */,
			);
			buildRules = (
			);
			dependencies = (
				A5D780452DF6B3EC00E8E5D4 /* PBXTargetDependency */,
			);
			fileSystemSynchronizedGroups = (
				A5D780462DF6B3EC00E8E5D4 /* monkeytodoTests */,
			);
			name = monkeytodoTests;
			packageProductDependencies = (
			);
			productName = monkeytodoTests;
			productReference = A5D780432DF6B3EC00E8E5D4 /* monkeytodoTests.xctest */;
			productType = "com.apple.product-type.bundle.unit-test";
		};
		A5D7804C2DF6B3EC00E8E5D4 /* monkeytodoUITests */ = {
			isa = PBXNativeTarget;
			buildConfigurationList = A5D7805D2DF6B3EC00E8E5D4 /* Build configuration list for PBXNativeTarget "monkeytodoUITests" */;
			buildPhases = (
				A5D780492DF6B3EC00E8E5D4 /* Sources */,
				A5D7804A2DF6B3EC00E8E5D4 /* Frameworks */,
				A5D7804B2DF6B3EC00E8E5D4 /* Resources */,
			);
			buildRules = (
			);
			dependencies = (
				A5D7804F2DF6B3EC00E8E5D4 /* PBXTargetDependency */,
			);
			fileSystemSynchronizedGroups = (
				A5D780502DF6B3EC00E8E5D4 /* monkeytodoUITests */,
			);
			name = monkeytodoUITests;
			packageProductDependencies = (
			);
			productName = monkeytodoUITests;
			productReference = A5D7804D2DF6B3EC00E8E5D4 /* monkeytodoUITests.xctest */;
			productType = "com.apple.product-type.bundle.ui-testing";
		};
/* End PBXNativeTarget section */

/* Begin PBXProject section */
		A5D7802B2DF6B3EA00E8E5D4 /* Project object */ = {
			isa = PBXProject;
			attributes = {
				BuildIndependentTargetsInParallel = 1;
				LastSwiftUpdateCheck = 1620;
				LastUpgradeCheck = 1620;
				TargetAttributes = {
					A5D780322DF6B3EA00E8E5D4 = {
						CreatedOnToolsVersion = 16.2;
					};
					A5D780422DF6B3EC00E8E5D4 = {
						CreatedOnToolsVersion = 16.2;
						TestTargetID = A5D780322DF6B3EA00E8E5D4;
					};
					A5D7804C2DF6B3EC00E8E5D4 = {
						CreatedOnToolsVersion = 16.2;
						TestTargetID = A5D780322DF6B3EA00E8E5D4;
					};
				};
			};
			buildConfigurationList = A5D7802E2DF6B3EA00E8E5D4 /* Build configuration list for PBXProject "monkeytodo" */;
			developmentRegion = en;
			hasScannedForEncodings = 0;
			knownRegions = (
				en,
				Base,
			);
			mainGroup = A5D7802A2DF6B3EA00E8E5D4;
			minimizedProjectReferenceProxies = 1;
			preferredProjectObjectVersion = 77;
			productRefGroup = A5D780342DF6B3EA00E8E5D4 /* Products */;
			projectDirPath = "";
			projectRoot = "";
			targets = (
				A5D780322DF6B3EA00E8E5D4 /* monkeytodo */,
				A5D780422DF6B3EC00E8E5D4 /* monkeytodoTests */,
				A5D7804C2DF6B3EC00E8E5D4 /* monkeytodoUITests */,
			);
		};
/* End PBXProject section */

/* Begin PBXResourcesBuildPhase section */
		A5D780312DF6B3EA00E8E5D4 /* Resources */ = {
			isa = PBXResourcesBuildPhase;
			buildActionMask = 2147483647;
			files = (
				A55D1D0A2DF946E30040CD2A /* monkeytodoicon.icon in Resources */,
				A55D1D0D2DF947240040CD2A /* LaunchScreen.storyboard in Resources */,
				A5F9BC6B2DF7E24900100E9A /* Preview Assets.xcassets in Resources */,
				A5F9BC6C2DF7E24900100E9A /* Assets.xcassets in Resources */,
			);
			runOnlyForDeploymentPostprocessing = 0;
		};
		A5D780412DF6B3EC00E8E5D4 /* Resources */ = {
			isa = PBXResourcesBuildPhase;
			buildActionMask = 2147483647;
			files = (
				A55D1D0C2DF947240040CD2A /* LaunchScreen.storyboard in Resources */,
			);
			runOnlyForDeploymentPostprocessing = 0;
		};
		A5D7804B2DF6B3EC00E8E5D4 /* Resources */ = {
			isa = PBXResourcesBuildPhase;
			buildActionMask = 2147483647;
			files = (
			);
			runOnlyForDeploymentPostprocessing = 0;
		};
/* End PBXResourcesBuildPhase section */

/* Begin PBXSourcesBuildPhase section */
		A5D7802F2DF6B3EA00E8E5D4 /* Sources */ = {
			isa = PBXSourcesBuildPhase;
			buildActionMask = 2147483647;
			files = (
				A5F9BC6E2DF7E26500100E9A /* TodoItem.swift in Sources */,
				A5F9BC672DF7E24900100E9A /* AddTaskView.swift in Sources */,
				A5F9BC712DF7EBAB00100E9A /* ListViewModel.swift in Sources */,
				A55D1D052DF8D3D80040CD2A /* NoItemsView.swift in Sources */,
				A5F9BC682DF7E24900100E9A /* ListRowView.swift in Sources */,
				A5F9BC692DF7E24900100E9A /* ListView.swift in Sources */,
				A5F9BC6A2DF7E24900100E9A /* monkeytodoApp.swift in Sources */,
			);
			runOnlyForDeploymentPostprocessing = 0;
		};
		A5D7803F2DF6B3EC00E8E5D4 /* Sources */ = {
			isa = PBXSourcesBuildPhase;
			buildActionMask = 2147483647;
			files = (
			);
			runOnlyForDeploymentPostprocessing = 0;
		};
		A5D780492DF6B3EC00E8E5D4 /* Sources */ = {
			isa = PBXSourcesBuildPhase;
			buildActionMask = 2147483647;
			files = (
			);
			runOnlyForDeploymentPostprocessing = 0;
		};
/* End PBXSourcesBuildPhase section */

/* Begin PBXTargetDependency section */
		A5D780452DF6B3EC00E8E5D4 /* PBXTargetDependency */ = {
			isa = PBXTargetDependency;
			target = A5D780322DF6B3EA00E8E5D4 /* monkeytodo */;
			targetProxy = A5D780442DF6B3EC00E8E5D4 /* PBXContainerItemProxy */;
		};
		A5D7804F2DF6B3EC00E8E5D4 /* PBXTargetDependency */ = {
			isa = PBXTargetDependency;
			target = A5D780322DF6B3EA00E8E5D4 /* monkeytodo */;
			targetProxy = A5D7804E2DF6B3EC00E8E5D4 /* PBXContainerItemProxy */;
		};
/* End PBXTargetDependency section */

/* Begin XCBuildConfiguration section */
		A5D780552DF6B3EC00E8E5D4 /* Debug */ = {
			isa = XCBuildConfiguration;
			buildSettings = {
				ALWAYS_SEARCH_USER_PATHS = NO;
				ASSETCATALOG_COMPILER_GENERATE_SWIFT_ASSET_SYMBOL_EXTENSIONS = YES;
				CLANG_ANALYZER_NONNULL = YES;
				CLANG_ANALYZER_NUMBER_OBJECT_CONVERSION = YES_AGGRESSIVE;
				CLANG_CXX_LANGUAGE_STANDARD = "gnu++20";
				CLANG_ENABLE_MODULES = YES;
				CLANG_ENABLE_OBJC_ARC = YES;
				CLANG_ENABLE_OBJC_WEAK = YES;
				CLANG_WARN_BLOCK_CAPTURE_AUTORELEASING = YES;
				CLANG_WARN_BOOL_CONVERSION = YES;
				CLANG_WARN_COMMA = YES;
				CLANG_WARN_CONSTANT_CONVERSION = YES;
				CLANG_WARN_DEPRECATED_OBJC_IMPLEMENTATIONS = YES;
				CLANG_WARN_DIRECT_OBJC_ISA_USAGE = YES_ERROR;
				CLANG_WARN_DOCUMENTATION_COMMENTS = YES;
				CLANG_WARN_EMPTY_BODY = YES;
				CLANG_WARN_ENUM_CONVERSION = YES;
				CLANG_WARN_INFINITE_RECURSION = YES;
				CLANG_WARN_INT_CONVERSION = YES;
				CLANG_WARN_NON_LITERAL_NULL_CONVERSION = YES;
				CLANG_WARN_OBJC_IMPLICIT_RETAIN_SELF = YES;
				CLANG_WARN_OBJC_LITERAL_CONVERSION = YES;
				CLANG_WARN_OBJC_ROOT_CLASS = YES_ERROR;
				CLANG_WARN_QUOTED_INCLUDE_IN_FRAMEWORK_HEADER = YES;
				CLANG_WARN_RANGE_LOOP_ANALYSIS = YES;
				CLANG_WARN_STRICT_PROTOTYPES = YES;
				CLANG_WARN_SUSPICIOUS_MOVE = YES;
				CLANG_WARN_UNGUARDED_AVAILABILITY = YES_AGGRESSIVE;
				CLANG_WARN_UNREACHABLE_CODE = YES;
				CLANG_WARN__DUPLICATE_METHOD_MATCH = YES;
				COPY_PHASE_STRIP = NO;
				DEBUG_INFORMATION_FORMAT = dwarf;
				ENABLE_STRICT_OBJC_MSGSEND = YES;
				ENABLE_TESTABILITY = YES;
				ENABLE_USER_SCRIPT_SANDBOXING = YES;
				GCC_C_LANGUAGE_STANDARD = gnu17;
				GCC_DYNAMIC_NO_PIC = NO;
				GCC_NO_COMMON_BLOCKS = YES;
				GCC_OPTIMIZATION_LEVEL = 0;
				GCC_PREPROCESSOR_DEFINITIONS = (
					"DEBUG=1",
					"$(inherited)",
				);
				GCC_WARN_64_TO_32_BIT_CONVERSION = YES;
				GCC_WARN_ABOUT_RETURN_TYPE = YES_ERROR;
				GCC_WARN_UNDECLARED_SELECTOR = YES;
				GCC_WARN_UNINITIALIZED_AUTOS = YES_AGGRESSIVE;
				GCC_WARN_UNUSED_FUNCTION = YES;
				GCC_WARN_UNUSED_VARIABLE = YES;
				IPHONEOS_DEPLOYMENT_TARGET = 18.2;
				LOCALIZATION_PREFERS_STRING_CATALOGS = YES;
				MTL_ENABLE_DEBUG_INFO = INCLUDE_SOURCE;
				MTL_FAST_MATH = YES;
				ONLY_ACTIVE_ARCH = YES;
				SDKROOT = iphoneos;
				SWIFT_ACTIVE_COMPILATION_CONDITIONS = "DEBUG $(inherited)";
				SWIFT_OPTIMIZATION_LEVEL = "-Onone";
			};
			name = Debug;
		};
		A5D780562DF6B3EC00E8E5D4 /* Release */ = {
			isa = XCBuildConfiguration;
			buildSettings = {
				ALWAYS_SEARCH_USER_PATHS = NO;
				ASSETCATALOG_COMPILER_GENERATE_SWIFT_ASSET_SYMBOL_EXTENSIONS = YES;
				CLANG_ANALYZER_NONNULL = YES;
				CLANG_ANALYZER_NUMBER_OBJECT_CONVERSION = YES_AGGRESSIVE;
				CLANG_CXX_LANGUAGE_STANDARD = "gnu++20";
				CLANG_ENABLE_MODULES = YES;
				CLANG_ENABLE_OBJC_ARC = YES;
				CLANG_ENABLE_OBJC_WEAK = YES;
				CLANG_WARN_BLOCK_CAPTURE_AUTORELEASING = YES;
				CLANG_WARN_BOOL_CONVERSION = YES;
				CLANG_WARN_COMMA = YES;
				CLANG_WARN_CONSTANT_CONVERSION = YES;
				CLANG_WARN_DEPRECATED_OBJC_IMPLEMENTATIONS = YES;
				CLANG_WARN_DIRECT_OBJC_ISA_USAGE = YES_ERROR;
				CLANG_WARN_DOCUMENTATION_COMMENTS = YES;
				CLANG_WARN_EMPTY_BODY = YES;
				CLANG_WARN_ENUM_CONVERSION = YES;
				CLANG_WARN_INFINITE_RECURSION = YES;
				CLANG_WARN_INT_CONVERSION = YES;
				CLANG_WARN_NON_LITERAL_NULL_CONVERSION = YES;
				CLANG_WARN_OBJC_IMPLICIT_RETAIN_SELF = YES;
				CLANG_WARN_OBJC_LITERAL_CONVERSION = YES;
				CLANG_WARN_OBJC_ROOT_CLASS = YES_ERROR;
				CLANG_WARN_QUOTED_INCLUDE_IN_FRAMEWORK_HEADER = YES;
				CLANG_WARN_RANGE_LOOP_ANALYSIS = YES;
				CLANG_WARN_STRICT_PROTOTYPES = YES;
				CLANG_WARN_SUSPICIOUS_MOVE = YES;
				CLANG_WARN_UNGUARDED_AVAILABILITY = YES_AGGRESSIVE;
				CLANG_WARN_UNREACHABLE_CODE = YES;
				CLANG_WARN__DUPLICATE_METHOD_MATCH = YES;
				COPY_PHASE_STRIP = NO;
				DEBUG_INFORMATION_FORMAT = "dwarf-with-dsym";
				ENABLE_NS_ASSERTIONS = NO;
				ENABLE_STRICT_OBJC_MSGSEND = YES;
				ENABLE_USER_SCRIPT_SANDBOXING = YES;
				GCC_C_LANGUAGE_STANDARD = gnu17;
				GCC_NO_COMMON_BLOCKS = YES;
				GCC_WARN_64_TO_32_BIT_CONVERSION = YES;
				GCC_WARN_ABOUT_RETURN_TYPE = YES_ERROR;
				GCC_WARN_UNDECLARED_SELECTOR = YES;
				GCC_WARN_UNINITIALIZED_AUTOS = YES_AGGRESSIVE;
				GCC_WARN_UNUSED_FUNCTION = YES;
				GCC_WARN_UNUSED_VARIABLE = YES;
				IPHONEOS_DEPLOYMENT_TARGET = 18.2;
				LOCALIZATION_PREFERS_STRING_CATALOGS = YES;
				MTL_ENABLE_DEBUG_INFO = NO;
				MTL_FAST_MATH = YES;
				SDKROOT = iphoneos;
				SWIFT_COMPILATION_MODE = wholemodule;
				VALIDATE_PRODUCT = YES;
			};
			name = Release;
		};
		A5D780582DF6B3EC00E8E5D4 /* Debug */ = {
			isa = XCBuildConfiguration;
			buildSettings = {
				ASSETCATALOG_COMPILER_APPICON_NAME = monkeytodoicon;
				ASSETCATALOG_COMPILER_GLOBAL_ACCENT_COLOR_NAME = AccentColor;
				CODE_SIGN_STYLE = Automatic;
				CURRENT_PROJECT_VERSION = 1;
				DEVELOPMENT_ASSET_PATHS = "\"monkeytodo/Preview Content\"";
				DEVELOPMENT_TEAM = G2CVP4KJ2Q;
				ENABLE_PREVIEWS = YES;
				GENERATE_INFOPLIST_FILE = YES;
				INFOPLIST_FILE = monkeytodo/Info.plist;
				INFOPLIST_KEY_CFBundleDisplayName = monkeytodo;
				INFOPLIST_KEY_UIApplicationSceneManifest_Generation = YES;
				INFOPLIST_KEY_UIApplicationSupportsIndirectInputEvents = YES;
				INFOPLIST_KEY_UILaunchStoryboardName = LaunchScreen.storyboard;
				INFOPLIST_KEY_UISupportedInterfaceOrientations_iPad = "UIInterfaceOrientationPortrait UIInterfaceOrientationPortraitUpsideDown UIInterfaceOrientationLandscapeLeft UIInterfaceOrientationLandscapeRight";
				INFOPLIST_KEY_UISupportedInterfaceOrientations_iPhone = "UIInterfaceOrientationPortrait UIInterfaceOrientationLandscapeLeft UIInterfaceOrientationLandscapeRight";
				IPHONEOS_DEPLOYMENT_TARGET = 26.0;
				LD_RUNPATH_SEARCH_PATHS = (
					"$(inherited)",
					"@executable_path/Frameworks",
				);
				MARKETING_VERSION = 1.0;
				PRODUCT_BUNDLE_IDENTIFIER = theforce.monkeytodo;
				PRODUCT_NAME = "$(TARGET_NAME)";
				SWIFT_EMIT_LOC_STRINGS = YES;
				SWIFT_VERSION = 5.0;
				TARGETED_DEVICE_FAMILY = "1,2";
			};
			name = Debug;
		};
		A5D780592DF6B3EC00E8E5D4 /* Release */ = {
			isa = XCBuildConfiguration;
			buildSettings = {
				ASSETCATALOG_COMPILER_APPICON_NAME = monkeytodoicon;
				ASSETCATALOG_COMPILER_GLOBAL_ACCENT_COLOR_NAME = AccentColor;
				CODE_SIGN_STYLE = Automatic;
				CURRENT_PROJECT_VERSION = 1;
				DEVELOPMENT_ASSET_PATHS = "\"monkeytodo/Preview Content\"";
				DEVELOPMENT_TEAM = G2CVP4KJ2Q;
				ENABLE_PREVIEWS = YES;
				GENERATE_INFOPLIST_FILE = YES;
				INFOPLIST_FILE = monkeytodo/Info.plist;
				INFOPLIST_KEY_CFBundleDisplayName = monkeytodo;
				INFOPLIST_KEY_UIApplicationSceneManifest_Generation = YES;
				INFOPLIST_KEY_UIApplicationSupportsIndirectInputEvents = YES;
				INFOPLIST_KEY_UILaunchStoryboardName = LaunchScreen.storyboard;
				INFOPLIST_KEY_UISupportedInterfaceOrientations_iPad = "UIInterfaceOrientationPortrait UIInterfaceOrientationPortraitUpsideDown UIInterfaceOrientationLandscapeLeft UIInterfaceOrientationLandscapeRight";
				INFOPLIST_KEY_UISupportedInterfaceOrientations_iPhone = "UIInterfaceOrientationPortrait UIInterfaceOrientationLandscapeLeft UIInterfaceOrientationLandscapeRight";
				IPHONEOS_DEPLOYMENT_TARGET = 26.0;
				LD_RUNPATH_SEARCH_PATHS = (
					"$(inherited)",
					"@executable_path/Frameworks",
				);
				MARKETING_VERSION = 1.0;
				PRODUCT_BUNDLE_IDENTIFIER = theforce.monkeytodo;
				PRODUCT_NAME = "$(TARGET_NAME)";
				SWIFT_EMIT_LOC_STRINGS = YES;
				SWIFT_VERSION = 5.0;
				TARGETED_DEVICE_FAMILY = "1,2";
			};
			name = Release;
		};
		A5D7805B2DF6B3EC00E8E5D4 /* Debug */ = {
			isa = XCBuildConfiguration;
			buildSettings = {
				BUNDLE_LOADER = "$(TEST_HOST)";
				CODE_SIGN_STYLE = Automatic;
				CURRENT_PROJECT_VERSION = 1;
				DEVELOPMENT_TEAM = G2CVP4KJ2Q;
				GENERATE_INFOPLIST_FILE = YES;
				IPHONEOS_DEPLOYMENT_TARGET = 18.2;
				MARKETING_VERSION = 1.0;
				PRODUCT_BUNDLE_IDENTIFIER = theforce.monkeytodoTests;
				PRODUCT_NAME = "$(TARGET_NAME)";
				SWIFT_EMIT_LOC_STRINGS = NO;
				SWIFT_VERSION = 5.0;
				TARGETED_DEVICE_FAMILY = "1,2";
				TEST_HOST = "$(BUILT_PRODUCTS_DIR)/monkeytodo.app/$(BUNDLE_EXECUTABLE_FOLDER_PATH)/monkeytodo";
			};
			name = Debug;
		};
		A5D7805C2DF6B3EC00E8E5D4 /* Release */ = {
			isa = XCBuildConfiguration;
			buildSettings = {
				BUNDLE_LOADER = "$(TEST_HOST)";
				CODE_SIGN_STYLE = Automatic;
				CURRENT_PROJECT_VERSION = 1;
				DEVELOPMENT_TEAM = G2CVP4KJ2Q;
				GENERATE_INFOPLIST_FILE = YES;
				IPHONEOS_DEPLOYMENT_TARGET = 18.2;
				MARKETING_VERSION = 1.0;
				PRODUCT_BUNDLE_IDENTIFIER = theforce.monkeytodoTests;
				PRODUCT_NAME = "$(TARGET_NAME)";
				SWIFT_EMIT_LOC_STRINGS = NO;
				SWIFT_VERSION = 5.0;
				TARGETED_DEVICE_FAMILY = "1,2";
				TEST_HOST = "$(BUILT_PRODUCTS_DIR)/monkeytodo.app/$(BUNDLE_EXECUTABLE_FOLDER_PATH)/monkeytodo";
			};
			name = Release;
		};
		A5D7805E2DF6B3EC00E8E5D4 /* Debug */ = {
			isa = XCBuildConfiguration;
			buildSettings = {
				CODE_SIGN_STYLE = Automatic;
				CURRENT_PROJECT_VERSION = 1;
				DEVELOPMENT_TEAM = G2CVP4KJ2Q;
				GENERATE_INFOPLIST_FILE = YES;
				MARKETING_VERSION = 1.0;
				PRODUCT_BUNDLE_IDENTIFIER = theforce.monkeytodoUITests;
				PRODUCT_NAME = "$(TARGET_NAME)";
				SWIFT_EMIT_LOC_STRINGS = NO;
				SWIFT_VERSION = 5.0;
				TARGETED_DEVICE_FAMILY = "1,2";
				TEST_TARGET_NAME = monkeytodo;
			};
			name = Debug;
		};
		A5D7805F2DF6B3EC00E8E5D4 /* Release */ = {
			isa = XCBuildConfiguration;
			buildSettings = {
				CODE_SIGN_STYLE = Automatic;
				CURRENT_PROJECT_VERSION = 1;
				DEVELOPMENT_TEAM = G2CVP4KJ2Q;
				GENERATE_INFOPLIST_FILE = YES;
				MARKETING_VERSION = 1.0;
				PRODUCT_BUNDLE_IDENTIFIER = theforce.monkeytodoUITests;
				PRODUCT_NAME = "$(TARGET_NAME)";
				SWIFT_EMIT_LOC_STRINGS = NO;
				SWIFT_VERSION = 5.0;
				TARGETED_DEVICE_FAMILY = "1,2";
				TEST_TARGET_NAME = monkeytodo;
			};
			name = Release;
		};
/* End XCBuildConfiguration section */

/* Begin XCConfigurationList section */
		A5D7802E2DF6B3EA00E8E5D4 /* Build configuration list for PBXProject "monkeytodo" */ = {
			isa = XCConfigurationList;
			buildConfigurations = (
				A5D780552DF6B3EC00E8E5D4 /* Debug */,
				A5D780562DF6B3EC00E8E5D4 /* Release */,
			);
			defaultConfigurationIsVisible = 0;
			defaultConfigurationName = Release;
		};
		A5D780572DF6B3EC00E8E5D4 /* Build configuration list for PBXNativeTarget "monkeytodo" */ = {
			isa = XCConfigurationList;
			buildConfigurations = (
				A5D780582DF6B3EC00E8E5D4 /* Debug */,
				A5D780592DF6B3EC00E8E5D4 /* Release */,
			);
			defaultConfigurationIsVisible = 0;
			defaultConfigurationName = Release;
		};
		A5D7805A2DF6B3EC00E8E5D4 /* Build configuration list for PBXNativeTarget "monkeytodoTests" */ = {
			isa = XCConfigurationList;
			buildConfigurations = (
				A5D7805B2DF6B3EC00E8E5D4 /* Debug */,
				A5D7805C2DF6B3EC00E8E5D4 /* Release */,
			);
			defaultConfigurationIsVisible = 0;
			defaultConfigurationName = Release;
		};
		A5D7805D2DF6B3EC00E8E5D4 /* Build configuration list for PBXNativeTarget "monkeytodoUITests" */ = {
			isa = XCConfigurationList;
			buildConfigurations = (
				A5D7805E2DF6B3EC00E8E5D4 /* Debug */,
				A5D7805F2DF6B3EC00E8E5D4 /* Release */,
			);
			defaultConfigurationIsVisible = 0;
			defaultConfigurationName = Release;
		};
/* End XCConfigurationList section */
	};
	rootObject = A5D7802B2DF6B3EA00E8E5D4 /* Project object */;
}
