// !$*UTF8*$!
{
	archiveVersion = 1;
	classes = {
	};
	objectVersion = 77;
	objects = {

/* Begin PBXContainerItemProxy section */
		A5D77FE22DF10CE300E8E5D4 /* PBXContainerItemProxy */ = {
			isa = PBXContainerItemProxy;
			containerPortal = A5D77FC92DF10CE200E8E5D4 /* Project object */;
			proxyType = 1;
			remoteGlobalIDString = A5D77FD02DF10CE200E8E5D4;
			remoteInfo = monkeyescape;
		};
		A5D77FEC2DF10CE300E8E5D4 /* PBXContainerItemProxy */ = {
			isa = PBXContainerItemProxy;
			containerPortal = A5D77FC92DF10CE200E8E5D4 /* Project object */;
			proxyType = 1;
			remoteGlobalIDString = A5D77FD02DF10CE200E8E5D4;
			remoteInfo = monkeyescape;
		};
/* End PBXContainerItemProxy section */

/* Begin PBXFileReference section */
		A5D77FD12DF10CE200E8E5D4 /* monkeyescape.app */ = {isa = PBXFileReference; explicitFileType = wrapper.application; includeInIndex = 0; path = monkeyescape.app; sourceTree = BUILT_PRODUCTS_DIR; };
		A5D77FE12DF10CE300E8E5D4 /* monkeyescapeTests.xctest */ = {isa = PBXFileReference; explicitFileType = wrapper.cfbundle; includeInIndex = 0; path = monkeyescapeTests.xctest; sourceTree = BUILT_PRODUCTS_DIR; };
		A5D77FEB2DF10CE300E8E5D4 /* monkeyescapeUITests.xctest */ = {isa = PBXFileReference; explicitFileType = wrapper.cfbundle; includeInIndex = 0; path = monkeyescapeUITests.xctest; sourceTree = BUILT_PRODUCTS_DIR; };
/* End PBXFileReference section */

/* Begin PBXFileSystemSynchronizedRootGroup section */
		A5D77FD32DF10CE200E8E5D4 /* monkeyescape */ = {
			isa = PBXFileSystemSynchronizedRootGroup;
			path = monkeyescape;
			sourceTree = "<group>";
		};
		A5D77FE42DF10CE300E8E5D4 /* monkeyescapeTests */ = {
			isa = PBXFileSystemSynchronizedRootGroup;
			path = monkeyescapeTests;
			sourceTree = "<group>";
		};
		A5D77FEE2DF10CE300E8E5D4 /* monkeyescapeUITests */ = {
			isa = PBXFileSystemSynchronizedRootGroup;
			path = monkeyescapeUITests;
			sourceTree = "<group>";
		};
/* End PBXFileSystemSynchronizedRootGroup section */

/* Begin PBXFrameworksBuildPhase section */
		A5D77FCE2DF10CE200E8E5D4 /* Frameworks */ = {
			isa = PBXFrameworksBuildPhase;
			buildActionMask = 2147483647;
			files = (
			);
			runOnlyForDeploymentPostprocessing = 0;
		};
		A5D77FDE2DF10CE300E8E5D4 /* Frameworks */ = {
			isa = PBXFrameworksBuildPhase;
			buildActionMask = 2147483647;
			files = (
			);
			runOnlyForDeploymentPostprocessing = 0;
		};
		A5D77FE82DF10CE300E8E5D4 /* Frameworks */ = {
			isa = PBXFrameworksBuildPhase;
			buildActionMask = 2147483647;
			files = (
			);
			runOnlyForDeploymentPostprocessing = 0;
		};
/* End PBXFrameworksBuildPhase section */

/* Begin PBXGroup section */
		A5D77FC82DF10CE200E8E5D4 = {
			isa = PBXGroup;
			children = (
				A5D77FD32DF10CE200E8E5D4 /* monkeyescape */,
				A5D77FE42DF10CE300E8E5D4 /* monkeyescapeTests */,
				A5D77FEE2DF10CE300E8E5D4 /* monkeyescapeUITests */,
				A5D77FD22DF10CE200E8E5D4 /* Products */,
			);
			sourceTree = "<group>";
		};
		A5D77FD22DF10CE200E8E5D4 /* Products */ = {
			isa = PBXGroup;
			children = (
				A5D77FD12DF10CE200E8E5D4 /* monkeyescape.app */,
				A5D77FE12DF10CE300E8E5D4 /* monkeyescapeTests.xctest */,
				A5D77FEB2DF10CE300E8E5D4 /* monkeyescapeUITests.xctest */,
			);
			name = Products;
			sourceTree = "<group>";
		};
/* End PBXGroup section */

/* Begin PBXNativeTarget section */
		A5D77FD02DF10CE200E8E5D4 /* monkeyescape */ = {
			isa = PBXNativeTarget;
			buildConfigurationList = A5D77FF52DF10CE300E8E5D4 /* Build configuration list for PBXNativeTarget "monkeyescape" */;
			buildPhases = (
				A5D77FCD2DF10CE200E8E5D4 /* Sources */,
				A5D77FCE2DF10CE200E8E5D4 /* Frameworks */,
				A5D77FCF2DF10CE200E8E5D4 /* Resources */,
			);
			buildRules = (
			);
			dependencies = (
			);
			fileSystemSynchronizedGroups = (
				A5D77FD32DF10CE200E8E5D4 /* monkeyescape */,
			);
			name = monkeyescape;
			packageProductDependencies = (
			);
			productName = monkeyescape;
			productReference = A5D77FD12DF10CE200E8E5D4 /* monkeyescape.app */;
			productType = "com.apple.product-type.application";
		};
		A5D77FE02DF10CE300E8E5D4 /* monkeyescapeTests */ = {
			isa = PBXNativeTarget;
			buildConfigurationList = A5D77FF82DF10CE300E8E5D4 /* Build configuration list for PBXNativeTarget "monkeyescapeTests" */;
			buildPhases = (
				A5D77FDD2DF10CE300E8E5D4 /* Sources */,
				A5D77FDE2DF10CE300E8E5D4 /* Frameworks */,
				A5D77FDF2DF10CE300E8E5D4 /* Resources */,
			);
			buildRules = (
			);
			dependencies = (
				A5D77FE32DF10CE300E8E5D4 /* PBXTargetDependency */,
			);
			fileSystemSynchronizedGroups = (
				A5D77FE42DF10CE300E8E5D4 /* monkeyescapeTests */,
			);
			name = monkeyescapeTests;
			packageProductDependencies = (
			);
			productName = monkeyescapeTests;
			productReference = A5D77FE12DF10CE300E8E5D4 /* monkeyescapeTests.xctest */;
			productType = "com.apple.product-type.bundle.unit-test";
		};
		A5D77FEA2DF10CE300E8E5D4 /* monkeyescapeUITests */ = {
			isa = PBXNativeTarget;
			buildConfigurationList = A5D77FFB2DF10CE300E8E5D4 /* Build configuration list for PBXNativeTarget "monkeyescapeUITests" */;
			buildPhases = (
				A5D77FE72DF10CE300E8E5D4 /* Sources */,
				A5D77FE82DF10CE300E8E5D4 /* Frameworks */,
				A5D77FE92DF10CE300E8E5D4 /* Resources */,
			);
			buildRules = (
			);
			dependencies = (
				A5D77FED2DF10CE300E8E5D4 /* PBXTargetDependency */,
			);
			fileSystemSynchronizedGroups = (
				A5D77FEE2DF10CE300E8E5D4 /* monkeyescapeUITests */,
			);
			name = monkeyescapeUITests;
			packageProductDependencies = (
			);
			productName = monkeyescapeUITests;
			productReference = A5D77FEB2DF10CE300E8E5D4 /* monkeyescapeUITests.xctest */;
			productType = "com.apple.product-type.bundle.ui-testing";
		};
/* End PBXNativeTarget section */

/* Begin PBXProject section */
		A5D77FC92DF10CE200E8E5D4 /* Project object */ = {
			isa = PBXProject;
			attributes = {
				BuildIndependentTargetsInParallel = 1;
				LastSwiftUpdateCheck = 1620;
				LastUpgradeCheck = 1620;
				TargetAttributes = {
					A5D77FD02DF10CE200E8E5D4 = {
						CreatedOnToolsVersion = 16.2;
					};
					A5D77FE02DF10CE300E8E5D4 = {
						CreatedOnToolsVersion = 16.2;
						TestTargetID = A5D77FD02DF10CE200E8E5D4;
					};
					A5D77FEA2DF10CE300E8E5D4 = {
						CreatedOnToolsVersion = 16.2;
						TestTargetID = A5D77FD02DF10CE200E8E5D4;
					};
				};
			};
			buildConfigurationList = A5D77FCC2DF10CE200E8E5D4 /* Build configuration list for PBXProject "monkeyescape" */;
			developmentRegion = en;
			hasScannedForEncodings = 0;
			knownRegions = (
				en,
				Base,
			);
			mainGroup = A5D77FC82DF10CE200E8E5D4;
			minimizedProjectReferenceProxies = 1;
			preferredProjectObjectVersion = 77;
			productRefGroup = A5D77FD22DF10CE200E8E5D4 /* Products */;
			projectDirPath = "";
			projectRoot = "";
			targets = (
				A5D77FD02DF10CE200E8E5D4 /* monkeyescape */,
				A5D77FE02DF10CE300E8E5D4 /* monkeyescapeTests */,
				A5D77FEA2DF10CE300E8E5D4 /* monkeyescapeUITests */,
			);
		};
/* End PBXProject section */

/* Begin PBXResourcesBuildPhase section */
		A5D77FCF2DF10CE200E8E5D4 /* Resources */ = {
			isa = PBXResourcesBuildPhase;
			buildActionMask = 2147483647;
			files = (
			);
			runOnlyForDeploymentPostprocessing = 0;
		};
		A5D77FDF2DF10CE300E8E5D4 /* Resources */ = {
			isa = PBXResourcesBuildPhase;
			buildActionMask = 2147483647;
			files = (
			);
			runOnlyForDeploymentPostprocessing = 0;
		};
		A5D77FE92DF10CE300E8E5D4 /* Resources */ = {
			isa = PBXResourcesBuildPhase;
			buildActionMask = 2147483647;
			files = (
			);
			runOnlyForDeploymentPostprocessing = 0;
		};
/* End PBXResourcesBuildPhase section */

/* Begin PBXSourcesBuildPhase section */
		A5D77FCD2DF10CE200E8E5D4 /* Sources */ = {
			isa = PBXSourcesBuildPhase;
			buildActionMask = 2147483647;
			files = (
			);
			runOnlyForDeploymentPostprocessing = 0;
		};
		A5D77FDD2DF10CE300E8E5D4 /* Sources */ = {
			isa = PBXSourcesBuildPhase;
			buildActionMask = 2147483647;
			files = (
			);
			runOnlyForDeploymentPostprocessing = 0;
		};
		A5D77FE72DF10CE300E8E5D4 /* Sources */ = {
			isa = PBXSourcesBuildPhase;
			buildActionMask = 2147483647;
			files = (
			);
			runOnlyForDeploymentPostprocessing = 0;
		};
/* End PBXSourcesBuildPhase section */

/* Begin PBXTargetDependency section */
		A5D77FE32DF10CE300E8E5D4 /* PBXTargetDependency */ = {
			isa = PBXTargetDependency;
			target = A5D77FD02DF10CE200E8E5D4 /* monkeyescape */;
			targetProxy = A5D77FE22DF10CE300E8E5D4 /* PBXContainerItemProxy */;
		};
		A5D77FED2DF10CE300E8E5D4 /* PBXTargetDependency */ = {
			isa = PBXTargetDependency;
			target = A5D77FD02DF10CE200E8E5D4 /* monkeyescape */;
			targetProxy = A5D77FEC2DF10CE300E8E5D4 /* PBXContainerItemProxy */;
		};
/* End PBXTargetDependency section */

/* Begin XCBuildConfiguration section */
		A5D77FF32DF10CE300E8E5D4 /* Debug */ = {
			isa = XCBuildConfiguration;
			buildSettings = {
				ALWAYS_SEARCH_USER_PATHS = NO;
				ASSETCATALOG_COMPILER_GENERATE_SWIFT_ASSET_SYMBOL_EXTENSIONS = YES;
				CLANG_ANALYZER_NONNULL = YES;
				CLANG_ANALYZER_NUMBER_OBJECT_CONVERSION = YES_AGGRESSIVE;
				CLANG_CXX_LANGUAGE_STANDARD = "gnu++20";
				CLANG_ENABLE_MODULES = YES;
				CLANG_ENABLE_OBJC_ARC = YES;
				CLANG_ENABLE_OBJC_WEAK = YES;
				CLANG_WARN_BLOCK_CAPTURE_AUTORELEASING = YES;
				CLANG_WARN_BOOL_CONVERSION = YES;
				CLANG_WARN_COMMA = YES;
				CLANG_WARN_CONSTANT_CONVERSION = YES;
				CLANG_WARN_DEPRECATED_OBJC_IMPLEMENTATIONS = YES;
				CLANG_WARN_DIRECT_OBJC_ISA_USAGE = YES_ERROR;
				CLANG_WARN_DOCUMENTATION_COMMENTS = YES;
				CLANG_WARN_EMPTY_BODY = YES;
				CLANG_WARN_ENUM_CONVERSION = YES;
				CLANG_WARN_INFINITE_RECURSION = YES;
				CLANG_WARN_INT_CONVERSION = YES;
				CLANG_WARN_NON_LITERAL_NULL_CONVERSION = YES;
				CLANG_WARN_OBJC_IMPLICIT_RETAIN_SELF = YES;
				CLANG_WARN_OBJC_LITERAL_CONVERSION = YES;
				CLANG_WARN_OBJC_ROOT_CLASS = YES_ERROR;
				CLANG_WARN_QUOTED_INCLUDE_IN_FRAMEWORK_HEADER = YES;
				CLANG_WARN_RANGE_LOOP_ANALYSIS = YES;
				CLANG_WARN_STRICT_PROTOTYPES = YES;
				CLANG_WARN_SUSPICIOUS_MOVE = YES;
				CLANG_WARN_UNGUARDED_AVAILABILITY = YES_AGGRESSIVE;
				CLANG_WARN_UNREACHABLE_CODE = YES;
				CLANG_WARN__DUPLICATE_METHOD_MATCH = YES;
				COPY_PHASE_STRIP = NO;
				DEBUG_INFORMATION_FORMAT = dwarf;
				ENABLE_STRICT_OBJC_MSGSEND = YES;
				ENABLE_TESTABILITY = YES;
				ENABLE_USER_SCRIPT_SANDBOXING = YES;
				GCC_C_LANGUAGE_STANDARD = gnu17;
				GCC_DYNAMIC_NO_PIC = NO;
				GCC_NO_COMMON_BLOCKS = YES;
				GCC_OPTIMIZATION_LEVEL = 0;
				GCC_PREPROCESSOR_DEFINITIONS = (
					"DEBUG=1",
					"$(inherited)",
				);
				GCC_WARN_64_TO_32_BIT_CONVERSION = YES;
				GCC_WARN_ABOUT_RETURN_TYPE = YES_ERROR;
				GCC_WARN_UNDECLARED_SELECTOR = YES;
				GCC_WARN_UNINITIALIZED_AUTOS = YES_AGGRESSIVE;
				GCC_WARN_UNUSED_FUNCTION = YES;
				GCC_WARN_UNUSED_VARIABLE = YES;
				IPHONEOS_DEPLOYMENT_TARGET = 18.2;
				LOCALIZATION_PREFERS_STRING_CATALOGS = YES;
				MTL_ENABLE_DEBUG_INFO = INCLUDE_SOURCE;
				MTL_FAST_MATH = YES;
				ONLY_ACTIVE_ARCH = YES;
				SDKROOT = iphoneos;
				SWIFT_ACTIVE_COMPILATION_CONDITIONS = "DEBUG $(inherited)";
				SWIFT_OPTIMIZATION_LEVEL = "-Onone";
			};
			name = Debug;
		};
		A5D77FF42DF10CE300E8E5D4 /* Release */ = {
			isa = XCBuildConfiguration;
			buildSettings = {
				ALWAYS_SEARCH_USER_PATHS = NO;
				ASSETCATALOG_COMPILER_GENERATE_SWIFT_ASSET_SYMBOL_EXTENSIONS = YES;
				CLANG_ANALYZER_NONNULL = YES;
				CLANG_ANALYZER_NUMBER_OBJECT_CONVERSION = YES_AGGRESSIVE;
				CLANG_CXX_LANGUAGE_STANDARD = "gnu++20";
				CLANG_ENABLE_MODULES = YES;
				CLANG_ENABLE_OBJC_ARC = YES;
				CLANG_ENABLE_OBJC_WEAK = YES;
				CLANG_WARN_BLOCK_CAPTURE_AUTORELEASING = YES;
				CLANG_WARN_BOOL_CONVERSION = YES;
				CLANG_WARN_COMMA = YES;
				CLANG_WARN_CONSTANT_CONVERSION = YES;
				CLANG_WARN_DEPRECATED_OBJC_IMPLEMENTATIONS = YES;
				CLANG_WARN_DIRECT_OBJC_ISA_USAGE = YES_ERROR;
				CLANG_WARN_DOCUMENTATION_COMMENTS = YES;
				CLANG_WARN_EMPTY_BODY = YES;
				CLANG_WARN_ENUM_CONVERSION = YES;
				CLANG_WARN_INFINITE_RECURSION = YES;
				CLANG_WARN_INT_CONVERSION = YES;
				CLANG_WARN_NON_LITERAL_NULL_CONVERSION = YES;
				CLANG_WARN_OBJC_IMPLICIT_RETAIN_SELF = YES;
				CLANG_WARN_OBJC_LITERAL_CONVERSION = YES;
				CLANG_WARN_OBJC_ROOT_CLASS = YES_ERROR;
				CLANG_WARN_QUOTED_INCLUDE_IN_FRAMEWORK_HEADER = YES;
				CLANG_WARN_RANGE_LOOP_ANALYSIS = YES;
				CLANG_WARN_STRICT_PROTOTYPES = YES;
				CLANG_WARN_SUSPICIOUS_MOVE = YES;
				CLANG_WARN_UNGUARDED_AVAILABILITY = YES_AGGRESSIVE;
				CLANG_WARN_UNREACHABLE_CODE = YES;
				CLANG_WARN__DUPLICATE_METHOD_MATCH = YES;
				COPY_PHASE_STRIP = NO;
				DEBUG_INFORMATION_FORMAT = "dwarf-with-dsym";
				ENABLE_NS_ASSERTIONS = NO;
				ENABLE_STRICT_OBJC_MSGSEND = YES;
				ENABLE_USER_SCRIPT_SANDBOXING = YES;
				GCC_C_LANGUAGE_STANDARD = gnu17;
				GCC_NO_COMMON_BLOCKS = YES;
				GCC_WARN_64_TO_32_BIT_CONVERSION = YES;
				GCC_WARN_ABOUT_RETURN_TYPE = YES_ERROR;
				GCC_WARN_UNDECLARED_SELECTOR = YES;
				GCC_WARN_UNINITIALIZED_AUTOS = YES_AGGRESSIVE;
				GCC_WARN_UNUSED_FUNCTION = YES;
				GCC_WARN_UNUSED_VARIABLE = YES;
				IPHONEOS_DEPLOYMENT_TARGET = 18.2;
				LOCALIZATION_PREFERS_STRING_CATALOGS = YES;
				MTL_ENABLE_DEBUG_INFO = NO;
				MTL_FAST_MATH = YES;
				SDKROOT = iphoneos;
				SWIFT_COMPILATION_MODE = wholemodule;
				VALIDATE_PRODUCT = YES;
			};
			name = Release;
		};
		A5D77FF62DF10CE300E8E5D4 /* Debug */ = {
			isa = XCBuildConfiguration;
			buildSettings = {
				ASSETCATALOG_COMPILER_APPICON_NAME = AppIcon;
				ASSETCATALOG_COMPILER_GLOBAL_ACCENT_COLOR_NAME = AccentColor;
				CODE_SIGN_STYLE = Automatic;
				CURRENT_PROJECT_VERSION = 1;
				DEVELOPMENT_ASSET_PATHS = "\"monkeyescape/Preview Content\"";
				DEVELOPMENT_TEAM = G2CVP4KJ2Q;
				ENABLE_PREVIEWS = YES;
				GENERATE_INFOPLIST_FILE = YES;
				INFOPLIST_KEY_UIApplicationSceneManifest_Generation = YES;
				INFOPLIST_KEY_UIApplicationSupportsIndirectInputEvents = YES;
				INFOPLIST_KEY_UILaunchScreen_Generation = YES;
				INFOPLIST_KEY_UISupportedInterfaceOrientations_iPad = "UIInterfaceOrientationPortrait UIInterfaceOrientationPortraitUpsideDown UIInterfaceOrientationLandscapeLeft UIInterfaceOrientationLandscapeRight";
				INFOPLIST_KEY_UISupportedInterfaceOrientations_iPhone = "UIInterfaceOrientationPortrait UIInterfaceOrientationLandscapeLeft UIInterfaceOrientationLandscapeRight";
				LD_RUNPATH_SEARCH_PATHS = (
					"$(inherited)",
					"@executable_path/Frameworks",
				);
				MARKETING_VERSION = 1.0;
				PRODUCT_BUNDLE_IDENTIFIER = theforce.monkeyescape;
				PRODUCT_NAME = "$(TARGET_NAME)";
				SWIFT_EMIT_LOC_STRINGS = YES;
				SWIFT_VERSION = 5.0;
				TARGETED_DEVICE_FAMILY = "1,2";
			};
			name = Debug;
		};
		A5D77FF72DF10CE300E8E5D4 /* Release */ = {
			isa = XCBuildConfiguration;
			buildSettings = {
				ASSETCATALOG_COMPILER_APPICON_NAME = AppIcon;
				ASSETCATALOG_COMPILER_GLOBAL_ACCENT_COLOR_NAME = AccentColor;
				CODE_SIGN_STYLE = Automatic;
				CURRENT_PROJECT_VERSION = 1;
				DEVELOPMENT_ASSET_PATHS = "\"monkeyescape/Preview Content\"";
				DEVELOPMENT_TEAM = G2CVP4KJ2Q;
				ENABLE_PREVIEWS = YES;
				GENERATE_INFOPLIST_FILE = YES;
				INFOPLIST_KEY_UIApplicationSceneManifest_Generation = YES;
				INFOPLIST_KEY_UIApplicationSupportsIndirectInputEvents = YES;
				INFOPLIST_KEY_UILaunchScreen_Generation = YES;
				INFOPLIST_KEY_UISupportedInterfaceOrientations_iPad = "UIInterfaceOrientationPortrait UIInterfaceOrientationPortraitUpsideDown UIInterfaceOrientationLandscapeLeft UIInterfaceOrientationLandscapeRight";
				INFOPLIST_KEY_UISupportedInterfaceOrientations_iPhone = "UIInterfaceOrientationPortrait UIInterfaceOrientationLandscapeLeft UIInterfaceOrientationLandscapeRight";
				LD_RUNPATH_SEARCH_PATHS = (
					"$(inherited)",
					"@executable_path/Frameworks",
				);
				MARKETING_VERSION = 1.0;
				PRODUCT_BUNDLE_IDENTIFIER = theforce.monkeyescape;
				PRODUCT_NAME = "$(TARGET_NAME)";
				SWIFT_EMIT_LOC_STRINGS = YES;
				SWIFT_VERSION = 5.0;
				TARGETED_DEVICE_FAMILY = "1,2";
			};
			name = Release;
		};
		A5D77FF92DF10CE300E8E5D4 /* Debug */ = {
			isa = XCBuildConfiguration;
			buildSettings = {
				BUNDLE_LOADER = "$(TEST_HOST)";
				CODE_SIGN_STYLE = Automatic;
				CURRENT_PROJECT_VERSION = 1;
				DEVELOPMENT_TEAM = G2CVP4KJ2Q;
				GENERATE_INFOPLIST_FILE = YES;
				IPHONEOS_DEPLOYMENT_TARGET = 18.2;
				MARKETING_VERSION = 1.0;
				PRODUCT_BUNDLE_IDENTIFIER = theforce.monkeyescapeTests;
				PRODUCT_NAME = "$(TARGET_NAME)";
				SWIFT_EMIT_LOC_STRINGS = NO;
				SWIFT_VERSION = 5.0;
				TARGETED_DEVICE_FAMILY = "1,2";
				TEST_HOST = "$(BUILT_PRODUCTS_DIR)/monkeyescape.app/$(BUNDLE_EXECUTABLE_FOLDER_PATH)/monkeyescape";
			};
			name = Debug;
		};
		A5D77FFA2DF10CE300E8E5D4 /* Release */ = {
			isa = XCBuildConfiguration;
			buildSettings = {
				BUNDLE_LOADER = "$(TEST_HOST)";
				CODE_SIGN_STYLE = Automatic;
				CURRENT_PROJECT_VERSION = 1;
				DEVELOPMENT_TEAM = G2CVP4KJ2Q;
				GENERATE_INFOPLIST_FILE = YES;
				IPHONEOS_DEPLOYMENT_TARGET = 18.2;
				MARKETING_VERSION = 1.0;
				PRODUCT_BUNDLE_IDENTIFIER = theforce.monkeyescapeTests;
				PRODUCT_NAME = "$(TARGET_NAME)";
				SWIFT_EMIT_LOC_STRINGS = NO;
				SWIFT_VERSION = 5.0;
				TARGETED_DEVICE_FAMILY = "1,2";
				TEST_HOST = "$(BUILT_PRODUCTS_DIR)/monkeyescape.app/$(BUNDLE_EXECUTABLE_FOLDER_PATH)/monkeyescape";
			};
			name = Release;
		};
		A5D77FFC2DF10CE300E8E5D4 /* Debug */ = {
			isa = XCBuildConfiguration;
			buildSettings = {
				CODE_SIGN_STYLE = Automatic;
				CURRENT_PROJECT_VERSION = 1;
				DEVELOPMENT_TEAM = G2CVP4KJ2Q;
				GENERATE_INFOPLIST_FILE = YES;
				MARKETING_VERSION = 1.0;
				PRODUCT_BUNDLE_IDENTIFIER = theforce.monkeyescapeUITests;
				PRODUCT_NAME = "$(TARGET_NAME)";
				SWIFT_EMIT_LOC_STRINGS = NO;
				SWIFT_VERSION = 5.0;
				TARGETED_DEVICE_FAMILY = "1,2";
				TEST_TARGET_NAME = monkeyescape;
			};
			name = Debug;
		};
		A5D77FFD2DF10CE300E8E5D4 /* Release */ = {
			isa = XCBuildConfiguration;
			buildSettings = {
				CODE_SIGN_STYLE = Automatic;
				CURRENT_PROJECT_VERSION = 1;
				DEVELOPMENT_TEAM = G2CVP4KJ2Q;
				GENERATE_INFOPLIST_FILE = YES;
				MARKETING_VERSION = 1.0;
				PRODUCT_BUNDLE_IDENTIFIER = theforce.monkeyescapeUITests;
				PRODUCT_NAME = "$(TARGET_NAME)";
				SWIFT_EMIT_LOC_STRINGS = NO;
				SWIFT_VERSION = 5.0;
				TARGETED_DEVICE_FAMILY = "1,2";
				TEST_TARGET_NAME = monkeyescape;
			};
			name = Release;
		};
/* End XCBuildConfiguration section */

/* Begin XCConfigurationList section */
		A5D77FCC2DF10CE200E8E5D4 /* Build configuration list for PBXProject "monkeyescape" */ = {
			isa = XCConfigurationList;
			buildConfigurations = (
				A5D77FF32DF10CE300E8E5D4 /* Debug */,
				A5D77FF42DF10CE300E8E5D4 /* Release */,
			);
			defaultConfigurationIsVisible = 0;
			defaultConfigurationName = Release;
		};
		A5D77FF52DF10CE300E8E5D4 /* Build configuration list for PBXNativeTarget "monkeyescape" */ = {
			isa = XCConfigurationList;
			buildConfigurations = (
				A5D77FF62DF10CE300E8E5D4 /* Debug */,
				A5D77FF72DF10CE300E8E5D4 /* Release */,
			);
			defaultConfigurationIsVisible = 0;
			defaultConfigurationName = Release;
		};
		A5D77FF82DF10CE300E8E5D4 /* Build configuration list for PBXNativeTarget "monkeyescapeTests" */ = {
			isa = XCConfigurationList;
			buildConfigurations = (
				A5D77FF92DF10CE300E8E5D4 /* Debug */,
				A5D77FFA2DF10CE300E8E5D4 /* Release */,
			);
			defaultConfigurationIsVisible = 0;
			defaultConfigurationName = Release;
		};
		A5D77FFB2DF10CE300E8E5D4 /* Build configuration list for PBXNativeTarget "monkeyescapeUITests" */ = {
			isa = XCConfigurationList;
			buildConfigurations = (
				A5D77FFC2DF10CE300E8E5D4 /* Debug */,
				A5D77FFD2DF10CE300E8E5D4 /* Release */,
			);
			defaultConfigurationIsVisible = 0;
			defaultConfigurationName = Release;
		};
/* End XCConfigurationList section */
	};
	rootObject = A5D77FC92DF10CE200E8E5D4 /* Project object */;
}
