// !$*UTF8*$!
{
	archiveVersion = 1;
	classes = {
	};
	objectVersion = 77;
	objects = {

/* Begin PBXContainerItemProxy section */
		A5CE1AF92E00EE9D006E2D50 /* PBXContainerItemProxy */ = {
			isa = PBXContainerItemProxy;
			containerPortal = A5CE1AE32E00EE9C006E2D50 /* Project object */;
			proxyType = 1;
			remoteGlobalIDString = A5CE1AEA2E00EE9C006E2D50;
			remoteInfo = monkeycrypto;
		};
		A5CE1B032E00EE9E006E2D50 /* PBXContainerItemProxy */ = {
			isa = PBXContainerItemProxy;
			containerPortal = A5CE1AE32E00EE9C006E2D50 /* Project object */;
			proxyType = 1;
			remoteGlobalIDString = A5CE1AEA2E00EE9C006E2D50;
			remoteInfo = monkeycrypto;
		};
/* End PBXContainerItemProxy section */

/* Begin PBXFileReference section */
		A5CE1AEB2E00EE9C006E2D50 /* monkeycrypto.app */ = {isa = PBXFileReference; explicitFileType = wrapper.application; includeInIndex = 0; path = monkeycrypto.app; sourceTree = BUILT_PRODUCTS_DIR; };
		A5CE1AF82E00EE9D006E2D50 /* monkeycryptoTests.xctest */ = {isa = PBXFileReference; explicitFileType = wrapper.cfbundle; includeInIndex = 0; path = monkeycryptoTests.xctest; sourceTree = BUILT_PRODUCTS_DIR; };
		A5CE1B022E00EE9E006E2D50 /* monkeycryptoUITests.xctest */ = {isa = PBXFileReference; explicitFileType = wrapper.cfbundle; includeInIndex = 0; path = monkeycryptoUITests.xctest; sourceTree = BUILT_PRODUCTS_DIR; };
/* End PBXFileReference section */

/* Begin PBXFileSystemSynchronizedRootGroup section */
		A5CE1AED2E00EE9C006E2D50 /* monkeycrypto */ = {
			isa = PBXFileSystemSynchronizedRootGroup;
			path = monkeycrypto;
			sourceTree = "<group>";
		};
		A5CE1AFB2E00EE9E006E2D50 /* monkeycryptoTests */ = {
			isa = PBXFileSystemSynchronizedRootGroup;
			path = monkeycryptoTests;
			sourceTree = "<group>";
		};
		A5CE1B052E00EE9E006E2D50 /* monkeycryptoUITests */ = {
			isa = PBXFileSystemSynchronizedRootGroup;
			path = monkeycryptoUITests;
			sourceTree = "<group>";
		};
/* End PBXFileSystemSynchronizedRootGroup section */

/* Begin PBXFrameworksBuildPhase section */
		A5CE1AE82E00EE9C006E2D50 /* Frameworks */ = {
			isa = PBXFrameworksBuildPhase;
			buildActionMask = 2147483647;
			files = (
			);
			runOnlyForDeploymentPostprocessing = 0;
		};
		A5CE1AF52E00EE9D006E2D50 /* Frameworks */ = {
			isa = PBXFrameworksBuildPhase;
			buildActionMask = 2147483647;
			files = (
			);
			runOnlyForDeploymentPostprocessing = 0;
		};
		A5CE1AFF2E00EE9E006E2D50 /* Frameworks */ = {
			isa = PBXFrameworksBuildPhase;
			buildActionMask = 2147483647;
			files = (
			);
			runOnlyForDeploymentPostprocessing = 0;
		};
/* End PBXFrameworksBuildPhase section */

/* Begin PBXGroup section */
		A5CE1AE22E00EE9C006E2D50 = {
			isa = PBXGroup;
			children = (
				A5CE1AED2E00EE9C006E2D50 /* monkeycrypto */,
				A5CE1AFB2E00EE9E006E2D50 /* monkeycryptoTests */,
				A5CE1B052E00EE9E006E2D50 /* monkeycryptoUITests */,
				A5CE1AEC2E00EE9C006E2D50 /* Products */,
			);
			sourceTree = "<group>";
		};
		A5CE1AEC2E00EE9C006E2D50 /* Products */ = {
			isa = PBXGroup;
			children = (
				A5CE1AEB2E00EE9C006E2D50 /* monkeycrypto.app */,
				A5CE1AF82E00EE9D006E2D50 /* monkeycryptoTests.xctest */,
				A5CE1B022E00EE9E006E2D50 /* monkeycryptoUITests.xctest */,
			);
			name = Products;
			sourceTree = "<group>";
		};
/* End PBXGroup section */

/* Begin PBXNativeTarget section */
		A5CE1AEA2E00EE9C006E2D50 /* monkeycrypto */ = {
			isa = PBXNativeTarget;
			buildConfigurationList = A5CE1B0C2E00EE9E006E2D50 /* Build configuration list for PBXNativeTarget "monkeycrypto" */;
			buildPhases = (
				A5CE1AE72E00EE9C006E2D50 /* Sources */,
				A5CE1AE82E00EE9C006E2D50 /* Frameworks */,
				A5CE1AE92E00EE9C006E2D50 /* Resources */,
			);
			buildRules = (
			);
			dependencies = (
			);
			fileSystemSynchronizedGroups = (
				A5CE1AED2E00EE9C006E2D50 /* monkeycrypto */,
			);
			name = monkeycrypto;
			packageProductDependencies = (
			);
			productName = monkeycrypto;
			productReference = A5CE1AEB2E00EE9C006E2D50 /* monkeycrypto.app */;
			productType = "com.apple.product-type.application";
		};
		A5CE1AF72E00EE9D006E2D50 /* monkeycryptoTests */ = {
			isa = PBXNativeTarget;
			buildConfigurationList = A5CE1B0F2E00EE9E006E2D50 /* Build configuration list for PBXNativeTarget "monkeycryptoTests" */;
			buildPhases = (
				A5CE1AF42E00EE9D006E2D50 /* Sources */,
				A5CE1AF52E00EE9D006E2D50 /* Frameworks */,
				A5CE1AF62E00EE9D006E2D50 /* Resources */,
			);
			buildRules = (
			);
			dependencies = (
				A5CE1AFA2E00EE9D006E2D50 /* PBXTargetDependency */,
			);
			fileSystemSynchronizedGroups = (
				A5CE1AFB2E00EE9E006E2D50 /* monkeycryptoTests */,
			);
			name = monkeycryptoTests;
			packageProductDependencies = (
			);
			productName = monkeycryptoTests;
			productReference = A5CE1AF82E00EE9D006E2D50 /* monkeycryptoTests.xctest */;
			productType = "com.apple.product-type.bundle.unit-test";
		};
		A5CE1B012E00EE9E006E2D50 /* monkeycryptoUITests */ = {
			isa = PBXNativeTarget;
			buildConfigurationList = A5CE1B122E00EE9E006E2D50 /* Build configuration list for PBXNativeTarget "monkeycryptoUITests" */;
			buildPhases = (
				A5CE1AFE2E00EE9E006E2D50 /* Sources */,
				A5CE1AFF2E00EE9E006E2D50 /* Frameworks */,
				A5CE1B002E00EE9E006E2D50 /* Resources */,
			);
			buildRules = (
			);
			dependencies = (
				A5CE1B042E00EE9E006E2D50 /* PBXTargetDependency */,
			);
			fileSystemSynchronizedGroups = (
				A5CE1B052E00EE9E006E2D50 /* monkeycryptoUITests */,
			);
			name = monkeycryptoUITests;
			packageProductDependencies = (
			);
			productName = monkeycryptoUITests;
			productReference = A5CE1B022E00EE9E006E2D50 /* monkeycryptoUITests.xctest */;
			productType = "com.apple.product-type.bundle.ui-testing";
		};
/* End PBXNativeTarget section */

/* Begin PBXProject section */
		A5CE1AE32E00EE9C006E2D50 /* Project object */ = {
			isa = PBXProject;
			attributes = {
				BuildIndependentTargetsInParallel = 1;
				LastSwiftUpdateCheck = 2600;
				LastUpgradeCheck = 2600;
				TargetAttributes = {
					A5CE1AEA2E00EE9C006E2D50 = {
						CreatedOnToolsVersion = 26.0;
					};
					A5CE1AF72E00EE9D006E2D50 = {
						CreatedOnToolsVersion = 26.0;
						TestTargetID = A5CE1AEA2E00EE9C006E2D50;
					};
					A5CE1B012E00EE9E006E2D50 = {
						CreatedOnToolsVersion = 26.0;
						TestTargetID = A5CE1AEA2E00EE9C006E2D50;
					};
				};
			};
			buildConfigurationList = A5CE1AE62E00EE9C006E2D50 /* Build configuration list for PBXProject "monkeycrypto" */;
			developmentRegion = en;
			hasScannedForEncodings = 0;
			knownRegions = (
				en,
				Base,
			);
			mainGroup = A5CE1AE22E00EE9C006E2D50;
			minimizedProjectReferenceProxies = 1;
			preferredProjectObjectVersion = 77;
			productRefGroup = A5CE1AEC2E00EE9C006E2D50 /* Products */;
			projectDirPath = "";
			projectRoot = "";
			targets = (
				A5CE1AEA2E00EE9C006E2D50 /* monkeycrypto */,
				A5CE1AF72E00EE9D006E2D50 /* monkeycryptoTests */,
				A5CE1B012E00EE9E006E2D50 /* monkeycryptoUITests */,
			);
		};
/* End PBXProject section */

/* Begin PBXResourcesBuildPhase section */
		A5CE1AE92E00EE9C006E2D50 /* Resources */ = {
			isa = PBXResourcesBuildPhase;
			buildActionMask = 2147483647;
			files = (
			);
			runOnlyForDeploymentPostprocessing = 0;
		};
		A5CE1AF62E00EE9D006E2D50 /* Resources */ = {
			isa = PBXResourcesBuildPhase;
			buildActionMask = 2147483647;
			files = (
			);
			runOnlyForDeploymentPostprocessing = 0;
		};
		A5CE1B002E00EE9E006E2D50 /* Resources */ = {
			isa = PBXResourcesBuildPhase;
			buildActionMask = 2147483647;
			files = (
			);
			runOnlyForDeploymentPostprocessing = 0;
		};
/* End PBXResourcesBuildPhase section */

/* Begin PBXSourcesBuildPhase section */
		A5CE1AE72E00EE9C006E2D50 /* Sources */ = {
			isa = PBXSourcesBuildPhase;
			buildActionMask = 2147483647;
			files = (
			);
			runOnlyForDeploymentPostprocessing = 0;
		};
		A5CE1AF42E00EE9D006E2D50 /* Sources */ = {
			isa = PBXSourcesBuildPhase;
			buildActionMask = 2147483647;
			files = (
			);
			runOnlyForDeploymentPostprocessing = 0;
		};
		A5CE1AFE2E00EE9E006E2D50 /* Sources */ = {
			isa = PBXSourcesBuildPhase;
			buildActionMask = 2147483647;
			files = (
			);
			runOnlyForDeploymentPostprocessing = 0;
		};
/* End PBXSourcesBuildPhase section */

/* Begin PBXTargetDependency section */
		A5CE1AFA2E00EE9D006E2D50 /* PBXTargetDependency */ = {
			isa = PBXTargetDependency;
			target = A5CE1AEA2E00EE9C006E2D50 /* monkeycrypto */;
			targetProxy = A5CE1AF92E00EE9D006E2D50 /* PBXContainerItemProxy */;
		};
		A5CE1B042E00EE9E006E2D50 /* PBXTargetDependency */ = {
			isa = PBXTargetDependency;
			target = A5CE1AEA2E00EE9C006E2D50 /* monkeycrypto */;
			targetProxy = A5CE1B032E00EE9E006E2D50 /* PBXContainerItemProxy */;
		};
/* End PBXTargetDependency section */

/* Begin XCBuildConfiguration section */
		A5CE1B0A2E00EE9E006E2D50 /* Debug */ = {
			isa = XCBuildConfiguration;
			buildSettings = {
				ALWAYS_SEARCH_USER_PATHS = NO;
				ASSETCATALOG_COMPILER_GENERATE_SWIFT_ASSET_SYMBOL_EXTENSIONS = YES;
				CLANG_ANALYZER_NONNULL = YES;
				CLANG_ANALYZER_NUMBER_OBJECT_CONVERSION = YES_AGGRESSIVE;
				CLANG_CXX_LANGUAGE_STANDARD = "gnu++20";
				CLANG_ENABLE_MODULES = YES;
				CLANG_ENABLE_OBJC_ARC = YES;
				CLANG_ENABLE_OBJC_WEAK = YES;
				CLANG_WARN_BLOCK_CAPTURE_AUTORELEASING = YES;
				CLANG_WARN_BOOL_CONVERSION = YES;
				CLANG_WARN_COMMA = YES;
				CLANG_WARN_CONSTANT_CONVERSION = YES;
				CLANG_WARN_DEPRECATED_OBJC_IMPLEMENTATIONS = YES;
				CLANG_WARN_DIRECT_OBJC_ISA_USAGE = YES_ERROR;
				CLANG_WARN_DOCUMENTATION_COMMENTS = YES;
				CLANG_WARN_EMPTY_BODY = YES;
				CLANG_WARN_ENUM_CONVERSION = YES;
				CLANG_WARN_INFINITE_RECURSION = YES;
				CLANG_WARN_INT_CONVERSION = YES;
				CLANG_WARN_NON_LITERAL_NULL_CONVERSION = YES;
				CLANG_WARN_OBJC_IMPLICIT_RETAIN_SELF = YES;
				CLANG_WARN_OBJC_LITERAL_CONVERSION = YES;
				CLANG_WARN_OBJC_ROOT_CLASS = YES_ERROR;
				CLANG_WARN_QUOTED_INCLUDE_IN_FRAMEWORK_HEADER = YES;
				CLANG_WARN_RANGE_LOOP_ANALYSIS = YES;
				CLANG_WARN_STRICT_PROTOTYPES = YES;
				CLANG_WARN_SUSPICIOUS_MOVE = YES;
				CLANG_WARN_UNGUARDED_AVAILABILITY = YES_AGGRESSIVE;
				CLANG_WARN_UNREACHABLE_CODE = YES;
				CLANG_WARN__DUPLICATE_METHOD_MATCH = YES;
				COPY_PHASE_STRIP = NO;
				DEBUG_INFORMATION_FORMAT = dwarf;
				DEVELOPMENT_TEAM = G2CVP4KJ2Q;
				ENABLE_STRICT_OBJC_MSGSEND = YES;
				ENABLE_TESTABILITY = YES;
				ENABLE_USER_SCRIPT_SANDBOXING = YES;
				GCC_C_LANGUAGE_STANDARD = gnu17;
				GCC_DYNAMIC_NO_PIC = NO;
				GCC_NO_COMMON_BLOCKS = YES;
				GCC_OPTIMIZATION_LEVEL = 0;
				GCC_PREPROCESSOR_DEFINITIONS = (
					"DEBUG=1",
					"$(inherited)",
				);
				GCC_WARN_64_TO_32_BIT_CONVERSION = YES;
				GCC_WARN_ABOUT_RETURN_TYPE = YES_ERROR;
				GCC_WARN_UNDECLARED_SELECTOR = YES;
				GCC_WARN_UNINITIALIZED_AUTOS = YES_AGGRESSIVE;
				GCC_WARN_UNUSED_FUNCTION = YES;
				GCC_WARN_UNUSED_VARIABLE = YES;
				IPHONEOS_DEPLOYMENT_TARGET = 26.0;
				LOCALIZATION_PREFERS_STRING_CATALOGS = YES;
				MTL_ENABLE_DEBUG_INFO = INCLUDE_SOURCE;
				MTL_FAST_MATH = YES;
				ONLY_ACTIVE_ARCH = YES;
				SDKROOT = iphoneos;
				SWIFT_ACTIVE_COMPILATION_CONDITIONS = "DEBUG $(inherited)";
				SWIFT_OPTIMIZATION_LEVEL = "-Onone";
			};
			name = Debug;
		};
		A5CE1B0B2E00EE9E006E2D50 /* Release */ = {
			isa = XCBuildConfiguration;
			buildSettings = {
				ALWAYS_SEARCH_USER_PATHS = NO;
				ASSETCATALOG_COMPILER_GENERATE_SWIFT_ASSET_SYMBOL_EXTENSIONS = YES;
				CLANG_ANALYZER_NONNULL = YES;
				CLANG_ANALYZER_NUMBER_OBJECT_CONVERSION = YES_AGGRESSIVE;
				CLANG_CXX_LANGUAGE_STANDARD = "gnu++20";
				CLANG_ENABLE_MODULES = YES;
				CLANG_ENABLE_OBJC_ARC = YES;
				CLANG_ENABLE_OBJC_WEAK = YES;
				CLANG_WARN_BLOCK_CAPTURE_AUTORELEASING = YES;
				CLANG_WARN_BOOL_CONVERSION = YES;
				CLANG_WARN_COMMA = YES;
				CLANG_WARN_CONSTANT_CONVERSION = YES;
				CLANG_WARN_DEPRECATED_OBJC_IMPLEMENTATIONS = YES;
				CLANG_WARN_DIRECT_OBJC_ISA_USAGE = YES_ERROR;
				CLANG_WARN_DOCUMENTATION_COMMENTS = YES;
				CLANG_WARN_EMPTY_BODY = YES;
				CLANG_WARN_ENUM_CONVERSION = YES;
				CLANG_WARN_INFINITE_RECURSION = YES;
				CLANG_WARN_INT_CONVERSION = YES;
				CLANG_WARN_NON_LITERAL_NULL_CONVERSION = YES;
				CLANG_WARN_OBJC_IMPLICIT_RETAIN_SELF = YES;
				CLANG_WARN_OBJC_LITERAL_CONVERSION = YES;
				CLANG_WARN_OBJC_ROOT_CLASS = YES_ERROR;
				CLANG_WARN_QUOTED_INCLUDE_IN_FRAMEWORK_HEADER = YES;
				CLANG_WARN_RANGE_LOOP_ANALYSIS = YES;
				CLANG_WARN_STRICT_PROTOTYPES = YES;
				CLANG_WARN_SUSPICIOUS_MOVE = YES;
				CLANG_WARN_UNGUARDED_AVAILABILITY = YES_AGGRESSIVE;
				CLANG_WARN_UNREACHABLE_CODE = YES;
				CLANG_WARN__DUPLICATE_METHOD_MATCH = YES;
				COPY_PHASE_STRIP = NO;
				DEBUG_INFORMATION_FORMAT = "dwarf-with-dsym";
				DEVELOPMENT_TEAM = G2CVP4KJ2Q;
				ENABLE_NS_ASSERTIONS = NO;
				ENABLE_STRICT_OBJC_MSGSEND = YES;
				ENABLE_USER_SCRIPT_SANDBOXING = YES;
				GCC_C_LANGUAGE_STANDARD = gnu17;
				GCC_NO_COMMON_BLOCKS = YES;
				GCC_WARN_64_TO_32_BIT_CONVERSION = YES;
				GCC_WARN_ABOUT_RETURN_TYPE = YES_ERROR;
				GCC_WARN_UNDECLARED_SELECTOR = YES;
				GCC_WARN_UNINITIALIZED_AUTOS = YES_AGGRESSIVE;
				GCC_WARN_UNUSED_FUNCTION = YES;
				GCC_WARN_UNUSED_VARIABLE = YES;
				IPHONEOS_DEPLOYMENT_TARGET = 26.0;
				LOCALIZATION_PREFERS_STRING_CATALOGS = YES;
				MTL_ENABLE_DEBUG_INFO = NO;
				MTL_FAST_MATH = YES;
				SDKROOT = iphoneos;
				SWIFT_COMPILATION_MODE = wholemodule;
				VALIDATE_PRODUCT = YES;
			};
			name = Release;
		};
		A5CE1B0D2E00EE9E006E2D50 /* Debug */ = {
			isa = XCBuildConfiguration;
			buildSettings = {
				ASSETCATALOG_COMPILER_APPICON_NAME = AppIcon;
				ASSETCATALOG_COMPILER_GLOBAL_ACCENT_COLOR_NAME = AccentColor;
				CODE_SIGN_STYLE = Automatic;
				CURRENT_PROJECT_VERSION = 1;
				DEVELOPMENT_TEAM = G2CVP4KJ2Q;
				ENABLE_PREVIEWS = YES;
				GENERATE_INFOPLIST_FILE = YES;
				INFOPLIST_KEY_UIApplicationSceneManifest_Generation = YES;
				INFOPLIST_KEY_UIApplicationSupportsIndirectInputEvents = YES;
				INFOPLIST_KEY_UILaunchScreen_Generation = YES;
				INFOPLIST_KEY_UISupportedInterfaceOrientations_iPad = "UIInterfaceOrientationPortrait UIInterfaceOrientationPortraitUpsideDown UIInterfaceOrientationLandscapeLeft UIInterfaceOrientationLandscapeRight";
				INFOPLIST_KEY_UISupportedInterfaceOrientations_iPhone = "UIInterfaceOrientationPortrait UIInterfaceOrientationLandscapeLeft UIInterfaceOrientationLandscapeRight";
				LD_RUNPATH_SEARCH_PATHS = (
					"$(inherited)",
					"@executable_path/Frameworks",
				);
				MARKETING_VERSION = 1.0;
				PRODUCT_BUNDLE_IDENTIFIER = theforce.monkeycrypto;
				PRODUCT_NAME = "$(TARGET_NAME)";
				STRING_CATALOG_GENERATE_SYMBOLS = YES;
				SWIFT_DEFAULT_ACTOR_ISOLATION = MainActor;
				SWIFT_EMIT_LOC_STRINGS = YES;
				SWIFT_UPCOMING_FEATURE_MEMBER_IMPORT_VISIBILITY = YES;
				SWIFT_VERSION = 5.0;
				TARGETED_DEVICE_FAMILY = "1,2";
			};
			name = Debug;
		};
		A5CE1B0E2E00EE9E006E2D50 /* Release */ = {
			isa = XCBuildConfiguration;
			buildSettings = {
				ASSETCATALOG_COMPILER_APPICON_NAME = AppIcon;
				ASSETCATALOG_COMPILER_GLOBAL_ACCENT_COLOR_NAME = AccentColor;
				CODE_SIGN_STYLE = Automatic;
				CURRENT_PROJECT_VERSION = 1;
				DEVELOPMENT_TEAM = G2CVP4KJ2Q;
				ENABLE_PREVIEWS = YES;
				GENERATE_INFOPLIST_FILE = YES;
				INFOPLIST_KEY_UIApplicationSceneManifest_Generation = YES;
				INFOPLIST_KEY_UIApplicationSupportsIndirectInputEvents = YES;
				INFOPLIST_KEY_UILaunchScreen_Generation = YES;
				INFOPLIST_KEY_UISupportedInterfaceOrientations_iPad = "UIInterfaceOrientationPortrait UIInterfaceOrientationPortraitUpsideDown UIInterfaceOrientationLandscapeLeft UIInterfaceOrientationLandscapeRight";
				INFOPLIST_KEY_UISupportedInterfaceOrientations_iPhone = "UIInterfaceOrientationPortrait UIInterfaceOrientationLandscapeLeft UIInterfaceOrientationLandscapeRight";
				LD_RUNPATH_SEARCH_PATHS = (
					"$(inherited)",
					"@executable_path/Frameworks",
				);
				MARKETING_VERSION = 1.0;
				PRODUCT_BUNDLE_IDENTIFIER = theforce.monkeycrypto;
				PRODUCT_NAME = "$(TARGET_NAME)";
				STRING_CATALOG_GENERATE_SYMBOLS = YES;
				SWIFT_DEFAULT_ACTOR_ISOLATION = MainActor;
				SWIFT_EMIT_LOC_STRINGS = YES;
				SWIFT_UPCOMING_FEATURE_MEMBER_IMPORT_VISIBILITY = YES;
				SWIFT_VERSION = 5.0;
				TARGETED_DEVICE_FAMILY = "1,2";
			};
			name = Release;
		};
		A5CE1B102E00EE9E006E2D50 /* Debug */ = {
			isa = XCBuildConfiguration;
			buildSettings = {
				BUNDLE_LOADER = "$(TEST_HOST)";
				CODE_SIGN_STYLE = Automatic;
				CURRENT_PROJECT_VERSION = 1;
				DEVELOPMENT_TEAM = G2CVP4KJ2Q;
				GENERATE_INFOPLIST_FILE = YES;
				IPHONEOS_DEPLOYMENT_TARGET = 26.0;
				MARKETING_VERSION = 1.0;
				PRODUCT_BUNDLE_IDENTIFIER = theforce.monkeycryptoTests;
				PRODUCT_NAME = "$(TARGET_NAME)";
				STRING_CATALOG_GENERATE_SYMBOLS = NO;
				SWIFT_EMIT_LOC_STRINGS = NO;
				SWIFT_UPCOMING_FEATURE_MEMBER_IMPORT_VISIBILITY = YES;
				SWIFT_VERSION = 5.0;
				TARGETED_DEVICE_FAMILY = "1,2";
				TEST_HOST = "$(BUILT_PRODUCTS_DIR)/monkeycrypto.app/$(BUNDLE_EXECUTABLE_FOLDER_PATH)/monkeycrypto";
			};
			name = Debug;
		};
		A5CE1B112E00EE9E006E2D50 /* Release */ = {
			isa = XCBuildConfiguration;
			buildSettings = {
				BUNDLE_LOADER = "$(TEST_HOST)";
				CODE_SIGN_STYLE = Automatic;
				CURRENT_PROJECT_VERSION = 1;
				DEVELOPMENT_TEAM = G2CVP4KJ2Q;
				GENERATE_INFOPLIST_FILE = YES;
				IPHONEOS_DEPLOYMENT_TARGET = 26.0;
				MARKETING_VERSION = 1.0;
				PRODUCT_BUNDLE_IDENTIFIER = theforce.monkeycryptoTests;
				PRODUCT_NAME = "$(TARGET_NAME)";
				STRING_CATALOG_GENERATE_SYMBOLS = NO;
				SWIFT_EMIT_LOC_STRINGS = NO;
				SWIFT_UPCOMING_FEATURE_MEMBER_IMPORT_VISIBILITY = YES;
				SWIFT_VERSION = 5.0;
				TARGETED_DEVICE_FAMILY = "1,2";
				TEST_HOST = "$(BUILT_PRODUCTS_DIR)/monkeycrypto.app/$(BUNDLE_EXECUTABLE_FOLDER_PATH)/monkeycrypto";
			};
			name = Release;
		};
		A5CE1B132E00EE9E006E2D50 /* Debug */ = {
			isa = XCBuildConfiguration;
			buildSettings = {
				CODE_SIGN_STYLE = Automatic;
				CURRENT_PROJECT_VERSION = 1;
				DEVELOPMENT_TEAM = G2CVP4KJ2Q;
				GENERATE_INFOPLIST_FILE = YES;
				MARKETING_VERSION = 1.0;
				PRODUCT_BUNDLE_IDENTIFIER = theforce.monkeycryptoUITests;
				PRODUCT_NAME = "$(TARGET_NAME)";
				STRING_CATALOG_GENERATE_SYMBOLS = NO;
				SWIFT_EMIT_LOC_STRINGS = NO;
				SWIFT_UPCOMING_FEATURE_MEMBER_IMPORT_VISIBILITY = YES;
				SWIFT_VERSION = 5.0;
				TARGETED_DEVICE_FAMILY = "1,2";
				TEST_TARGET_NAME = monkeycrypto;
			};
			name = Debug;
		};
		A5CE1B142E00EE9E006E2D50 /* Release */ = {
			isa = XCBuildConfiguration;
			buildSettings = {
				CODE_SIGN_STYLE = Automatic;
				CURRENT_PROJECT_VERSION = 1;
				DEVELOPMENT_TEAM = G2CVP4KJ2Q;
				GENERATE_INFOPLIST_FILE = YES;
				MARKETING_VERSION = 1.0;
				PRODUCT_BUNDLE_IDENTIFIER = theforce.monkeycryptoUITests;
				PRODUCT_NAME = "$(TARGET_NAME)";
				STRING_CATALOG_GENERATE_SYMBOLS = NO;
				SWIFT_EMIT_LOC_STRINGS = NO;
				SWIFT_UPCOMING_FEATURE_MEMBER_IMPORT_VISIBILITY = YES;
				SWIFT_VERSION = 5.0;
				TARGETED_DEVICE_FAMILY = "1,2";
				TEST_TARGET_NAME = monkeycrypto;
			};
			name = Release;
		};
/* End XCBuildConfiguration section */

/* Begin XCConfigurationList section */
		A5CE1AE62E00EE9C006E2D50 /* Build configuration list for PBXProject "monkeycrypto" */ = {
			isa = XCConfigurationList;
			buildConfigurations = (
				A5CE1B0A2E00EE9E006E2D50 /* Debug */,
				A5CE1B0B2E00EE9E006E2D50 /* Release */,
			);
			defaultConfigurationIsVisible = 0;
			defaultConfigurationName = Release;
		};
		A5CE1B0C2E00EE9E006E2D50 /* Build configuration list for PBXNativeTarget "monkeycrypto" */ = {
			isa = XCConfigurationList;
			buildConfigurations = (
				A5CE1B0D2E00EE9E006E2D50 /* Debug */,
				A5CE1B0E2E00EE9E006E2D50 /* Release */,
			);
			defaultConfigurationIsVisible = 0;
			defaultConfigurationName = Release;
		};
		A5CE1B0F2E00EE9E006E2D50 /* Build configuration list for PBXNativeTarget "monkeycryptoTests" */ = {
			isa = XCConfigurationList;
			buildConfigurations = (
				A5CE1B102E00EE9E006E2D50 /* Debug */,
				A5CE1B112E00EE9E006E2D50 /* Release */,
			);
			defaultConfigurationIsVisible = 0;
			defaultConfigurationName = Release;
		};
		A5CE1B122E00EE9E006E2D50 /* Build configuration list for PBXNativeTarget "monkeycryptoUITests" */ = {
			isa = XCConfigurationList;
			buildConfigurations = (
				A5CE1B132E00EE9E006E2D50 /* Debug */,
				A5CE1B142E00EE9E006E2D50 /* Release */,
			);
			defaultConfigurationIsVisible = 0;
			defaultConfigurationName = Release;
		};
/* End XCConfigurationList section */
	};
	rootObject = A5CE1AE32E00EE9C006E2D50 /* Project object */;
}
