// !$*UTF8*$!
{
	archiveVersion = 1;
	classes = {
	};
	objectVersion = 77;
	objects = {

/* Begin PBXContainerItemProxy section */
		A5826F452DDD55F300BA6305 /* PBXContainerItemProxy */ = {
			isa = PBXContainerItemProxy;
			containerPortal = A5826F2C2DDD55F200BA6305 /* Project object */;
			proxyType = 1;
			remoteGlobalIDString = A5826F332DDD55F200BA6305;
			remoteInfo = flagguesser;
		};
		A5826F4F2DDD55F300BA6305 /* PBXContainerItemProxy */ = {
			isa = PBXContainerItemProxy;
			containerPortal = A5826F2C2DDD55F200BA6305 /* Project object */;
			proxyType = 1;
			remoteGlobalIDString = A5826F332DDD55F200BA6305;
			remoteInfo = flagguesser;
		};
/* End PBXContainerItemProxy section */

/* Begin PBXFileReference section */
		A5826F342DDD55F200BA6305 /* flagguesser.app */ = {isa = PBXFileReference; explicitFileType = wrapper.application; includeInIndex = 0; path = flagguesser.app; sourceTree = BUILT_PRODUCTS_DIR; };
		A5826F442DDD55F300BA6305 /* flagguesserTests.xctest */ = {isa = PBXFileReference; explicitFileType = wrapper.cfbundle; includeInIndex = 0; path = flagguesserTests.xctest; sourceTree = BUILT_PRODUCTS_DIR; };
		A5826F4E2DDD55F300BA6305 /* flagguesserUITests.xctest */ = {isa = PBXFileReference; explicitFileType = wrapper.cfbundle; includeInIndex = 0; path = flagguesserUITests.xctest; sourceTree = BUILT_PRODUCTS_DIR; };
/* End PBXFileReference section */

/* Begin PBXFileSystemSynchronizedRootGroup section */
		A5826F362DDD55F200BA6305 /* flagguesser */ = {
			isa = PBXFileSystemSynchronizedRootGroup;
			path = flagguesser;
			sourceTree = "<group>";
		};
		A5826F472DDD55F300BA6305 /* flagguesserTests */ = {
			isa = PBXFileSystemSynchronizedRootGroup;
			path = flagguesserTests;
			sourceTree = "<group>";
		};
		A5826F512DDD55F300BA6305 /* flagguesserUITests */ = {
			isa = PBXFileSystemSynchronizedRootGroup;
			path = flagguesserUITests;
			sourceTree = "<group>";
		};
/* End PBXFileSystemSynchronizedRootGroup section */

/* Begin PBXFrameworksBuildPhase section */
		A5826F312DDD55F200BA6305 /* Frameworks */ = {
			isa = PBXFrameworksBuildPhase;
			buildActionMask = 2147483647;
			files = (
			);
			runOnlyForDeploymentPostprocessing = 0;
		};
		A5826F412DDD55F300BA6305 /* Frameworks */ = {
			isa = PBXFrameworksBuildPhase;
			buildActionMask = 2147483647;
			files = (
			);
			runOnlyForDeploymentPostprocessing = 0;
		};
		A5826F4B2DDD55F300BA6305 /* Frameworks */ = {
			isa = PBXFrameworksBuildPhase;
			buildActionMask = 2147483647;
			files = (
			);
			runOnlyForDeploymentPostprocessing = 0;
		};
/* End PBXFrameworksBuildPhase section */

/* Begin PBXGroup section */
		A5826F2B2DDD55F200BA6305 = {
			isa = PBXGroup;
			children = (
				A5826F362DDD55F200BA6305 /* flagguesser */,
				A5826F472DDD55F300BA6305 /* flagguesserTests */,
				A5826F512DDD55F300BA6305 /* flagguesserUITests */,
				A5826F352DDD55F200BA6305 /* Products */,
			);
			sourceTree = "<group>";
		};
		A5826F352DDD55F200BA6305 /* Products */ = {
			isa = PBXGroup;
			children = (
				A5826F342DDD55F200BA6305 /* flagguesser.app */,
				A5826F442DDD55F300BA6305 /* flagguesserTests.xctest */,
				A5826F4E2DDD55F300BA6305 /* flagguesserUITests.xctest */,
			);
			name = Products;
			sourceTree = "<group>";
		};
/* End PBXGroup section */

/* Begin PBXNativeTarget section */
		A5826F332DDD55F200BA6305 /* flagguesser */ = {
			isa = PBXNativeTarget;
			buildConfigurationList = A5826F582DDD55F300BA6305 /* Build configuration list for PBXNativeTarget "flagguesser" */;
			buildPhases = (
				A5826F302DDD55F200BA6305 /* Sources */,
				A5826F312DDD55F200BA6305 /* Frameworks */,
				A5826F322DDD55F200BA6305 /* Resources */,
			);
			buildRules = (
			);
			dependencies = (
			);
			fileSystemSynchronizedGroups = (
				A5826F362DDD55F200BA6305 /* flagguesser */,
			);
			name = flagguesser;
			packageProductDependencies = (
			);
			productName = flagguesser;
			productReference = A5826F342DDD55F200BA6305 /* flagguesser.app */;
			productType = "com.apple.product-type.application";
		};
		A5826F432DDD55F300BA6305 /* flagguesserTests */ = {
			isa = PBXNativeTarget;
			buildConfigurationList = A5826F5B2DDD55F300BA6305 /* Build configuration list for PBXNativeTarget "flagguesserTests" */;
			buildPhases = (
				A5826F402DDD55F300BA6305 /* Sources */,
				A5826F412DDD55F300BA6305 /* Frameworks */,
				A5826F422DDD55F300BA6305 /* Resources */,
			);
			buildRules = (
			);
			dependencies = (
				A5826F462DDD55F300BA6305 /* PBXTargetDependency */,
			);
			fileSystemSynchronizedGroups = (
				A5826F472DDD55F300BA6305 /* flagguesserTests */,
			);
			name = flagguesserTests;
			packageProductDependencies = (
			);
			productName = flagguesserTests;
			productReference = A5826F442DDD55F300BA6305 /* flagguesserTests.xctest */;
			productType = "com.apple.product-type.bundle.unit-test";
		};
		A5826F4D2DDD55F300BA6305 /* flagguesserUITests */ = {
			isa = PBXNativeTarget;
			buildConfigurationList = A5826F5E2DDD55F300BA6305 /* Build configuration list for PBXNativeTarget "flagguesserUITests" */;
			buildPhases = (
				A5826F4A2DDD55F300BA6305 /* Sources */,
				A5826F4B2DDD55F300BA6305 /* Frameworks */,
				A5826F4C2DDD55F300BA6305 /* Resources */,
			);
			buildRules = (
			);
			dependencies = (
				A5826F502DDD55F300BA6305 /* PBXTargetDependency */,
			);
			fileSystemSynchronizedGroups = (
				A5826F512DDD55F300BA6305 /* flagguesserUITests */,
			);
			name = flagguesserUITests;
			packageProductDependencies = (
			);
			productName = flagguesserUITests;
			productReference = A5826F4E2DDD55F300BA6305 /* flagguesserUITests.xctest */;
			productType = "com.apple.product-type.bundle.ui-testing";
		};
/* End PBXNativeTarget section */

/* Begin PBXProject section */
		A5826F2C2DDD55F200BA6305 /* Project object */ = {
			isa = PBXProject;
			attributes = {
				BuildIndependentTargetsInParallel = 1;
				LastSwiftUpdateCheck = 1620;
				LastUpgradeCheck = 1620;
				TargetAttributes = {
					A5826F332DDD55F200BA6305 = {
						CreatedOnToolsVersion = 16.2;
					};
					A5826F432DDD55F300BA6305 = {
						CreatedOnToolsVersion = 16.2;
						TestTargetID = A5826F332DDD55F200BA6305;
					};
					A5826F4D2DDD55F300BA6305 = {
						CreatedOnToolsVersion = 16.2;
						TestTargetID = A5826F332DDD55F200BA6305;
					};
				};
			};
			buildConfigurationList = A5826F2F2DDD55F200BA6305 /* Build configuration list for PBXProject "flagguesser" */;
			developmentRegion = en;
			hasScannedForEncodings = 0;
			knownRegions = (
				en,
				Base,
			);
			mainGroup = A5826F2B2DDD55F200BA6305;
			minimizedProjectReferenceProxies = 1;
			preferredProjectObjectVersion = 77;
			productRefGroup = A5826F352DDD55F200BA6305 /* Products */;
			projectDirPath = "";
			projectRoot = "";
			targets = (
				A5826F332DDD55F200BA6305 /* flagguesser */,
				A5826F432DDD55F300BA6305 /* flagguesserTests */,
				A5826F4D2DDD55F300BA6305 /* flagguesserUITests */,
			);
		};
/* End PBXProject section */

/* Begin PBXResourcesBuildPhase section */
		A5826F322DDD55F200BA6305 /* Resources */ = {
			isa = PBXResourcesBuildPhase;
			buildActionMask = 2147483647;
			files = (
			);
			runOnlyForDeploymentPostprocessing = 0;
		};
		A5826F422DDD55F300BA6305 /* Resources */ = {
			isa = PBXResourcesBuildPhase;
			buildActionMask = 2147483647;
			files = (
			);
			runOnlyForDeploymentPostprocessing = 0;
		};
		A5826F4C2DDD55F300BA6305 /* Resources */ = {
			isa = PBXResourcesBuildPhase;
			buildActionMask = 2147483647;
			files = (
			);
			runOnlyForDeploymentPostprocessing = 0;
		};
/* End PBXResourcesBuildPhase section */

/* Begin PBXSourcesBuildPhase section */
		A5826F302DDD55F200BA6305 /* Sources */ = {
			isa = PBXSourcesBuildPhase;
			buildActionMask = 2147483647;
			files = (
			);
			runOnlyForDeploymentPostprocessing = 0;
		};
		A5826F402DDD55F300BA6305 /* Sources */ = {
			isa = PBXSourcesBuildPhase;
			buildActionMask = 2147483647;
			files = (
			);
			runOnlyForDeploymentPostprocessing = 0;
		};
		A5826F4A2DDD55F300BA6305 /* Sources */ = {
			isa = PBXSourcesBuildPhase;
			buildActionMask = 2147483647;
			files = (
			);
			runOnlyForDeploymentPostprocessing = 0;
		};
/* End PBXSourcesBuildPhase section */

/* Begin PBXTargetDependency section */
		A5826F462DDD55F300BA6305 /* PBXTargetDependency */ = {
			isa = PBXTargetDependency;
			target = A5826F332DDD55F200BA6305 /* flagguesser */;
			targetProxy = A5826F452DDD55F300BA6305 /* PBXContainerItemProxy */;
		};
		A5826F502DDD55F300BA6305 /* PBXTargetDependency */ = {
			isa = PBXTargetDependency;
			target = A5826F332DDD55F200BA6305 /* flagguesser */;
			targetProxy = A5826F4F2DDD55F300BA6305 /* PBXContainerItemProxy */;
		};
/* End PBXTargetDependency section */

/* Begin XCBuildConfiguration section */
		A5826F562DDD55F300BA6305 /* Debug */ = {
			isa = XCBuildConfiguration;
			buildSettings = {
				ALWAYS_SEARCH_USER_PATHS = NO;
				ASSETCATALOG_COMPILER_GENERATE_SWIFT_ASSET_SYMBOL_EXTENSIONS = YES;
				CLANG_ANALYZER_NONNULL = YES;
				CLANG_ANALYZER_NUMBER_OBJECT_CONVERSION = YES_AGGRESSIVE;
				CLANG_CXX_LANGUAGE_STANDARD = "gnu++20";
				CLANG_ENABLE_MODULES = YES;
				CLANG_ENABLE_OBJC_ARC = YES;
				CLANG_ENABLE_OBJC_WEAK = YES;
				CLANG_WARN_BLOCK_CAPTURE_AUTORELEASING = YES;
				CLANG_WARN_BOOL_CONVERSION = YES;
				CLANG_WARN_COMMA = YES;
				CLANG_WARN_CONSTANT_CONVERSION = YES;
				CLANG_WARN_DEPRECATED_OBJC_IMPLEMENTATIONS = YES;
				CLANG_WARN_DIRECT_OBJC_ISA_USAGE = YES_ERROR;
				CLANG_WARN_DOCUMENTATION_COMMENTS = YES;
				CLANG_WARN_EMPTY_BODY = YES;
				CLANG_WARN_ENUM_CONVERSION = YES;
				CLANG_WARN_INFINITE_RECURSION = YES;
				CLANG_WARN_INT_CONVERSION = YES;
				CLANG_WARN_NON_LITERAL_NULL_CONVERSION = YES;
				CLANG_WARN_OBJC_IMPLICIT_RETAIN_SELF = YES;
				CLANG_WARN_OBJC_LITERAL_CONVERSION = YES;
				CLANG_WARN_OBJC_ROOT_CLASS = YES_ERROR;
				CLANG_WARN_QUOTED_INCLUDE_IN_FRAMEWORK_HEADER = YES;
				CLANG_WARN_RANGE_LOOP_ANALYSIS = YES;
				CLANG_WARN_STRICT_PROTOTYPES = YES;
				CLANG_WARN_SUSPICIOUS_MOVE = YES;
				CLANG_WARN_UNGUARDED_AVAILABILITY = YES_AGGRESSIVE;
				CLANG_WARN_UNREACHABLE_CODE = YES;
				CLANG_WARN__DUPLICATE_METHOD_MATCH = YES;
				COPY_PHASE_STRIP = NO;
				DEBUG_INFORMATION_FORMAT = dwarf;
				ENABLE_STRICT_OBJC_MSGSEND = YES;
				ENABLE_TESTABILITY = YES;
				ENABLE_USER_SCRIPT_SANDBOXING = YES;
				GCC_C_LANGUAGE_STANDARD = gnu17;
				GCC_DYNAMIC_NO_PIC = NO;
				GCC_NO_COMMON_BLOCKS = YES;
				GCC_OPTIMIZATION_LEVEL = 0;
				GCC_PREPROCESSOR_DEFINITIONS = (
					"DEBUG=1",
					"$(inherited)",
				);
				GCC_WARN_64_TO_32_BIT_CONVERSION = YES;
				GCC_WARN_ABOUT_RETURN_TYPE = YES_ERROR;
				GCC_WARN_UNDECLARED_SELECTOR = YES;
				GCC_WARN_UNINITIALIZED_AUTOS = YES_AGGRESSIVE;
				GCC_WARN_UNUSED_FUNCTION = YES;
				GCC_WARN_UNUSED_VARIABLE = YES;
				IPHONEOS_DEPLOYMENT_TARGET = 18.2;
				LOCALIZATION_PREFERS_STRING_CATALOGS = YES;
				MTL_ENABLE_DEBUG_INFO = INCLUDE_SOURCE;
				MTL_FAST_MATH = YES;
				ONLY_ACTIVE_ARCH = YES;
				SDKROOT = iphoneos;
				SWIFT_ACTIVE_COMPILATION_CONDITIONS = "DEBUG $(inherited)";
				SWIFT_OPTIMIZATION_LEVEL = "-Onone";
			};
			name = Debug;
		};
		A5826F572DDD55F300BA6305 /* Release */ = {
			isa = XCBuildConfiguration;
			buildSettings = {
				ALWAYS_SEARCH_USER_PATHS = NO;
				ASSETCATALOG_COMPILER_GENERATE_SWIFT_ASSET_SYMBOL_EXTENSIONS = YES;
				CLANG_ANALYZER_NONNULL = YES;
				CLANG_ANALYZER_NUMBER_OBJECT_CONVERSION = YES_AGGRESSIVE;
				CLANG_CXX_LANGUAGE_STANDARD = "gnu++20";
				CLANG_ENABLE_MODULES = YES;
				CLANG_ENABLE_OBJC_ARC = YES;
				CLANG_ENABLE_OBJC_WEAK = YES;
				CLANG_WARN_BLOCK_CAPTURE_AUTORELEASING = YES;
				CLANG_WARN_BOOL_CONVERSION = YES;
				CLANG_WARN_COMMA = YES;
				CLANG_WARN_CONSTANT_CONVERSION = YES;
				CLANG_WARN_DEPRECATED_OBJC_IMPLEMENTATIONS = YES;
				CLANG_WARN_DIRECT_OBJC_ISA_USAGE = YES_ERROR;
				CLANG_WARN_DOCUMENTATION_COMMENTS = YES;
				CLANG_WARN_EMPTY_BODY = YES;
				CLANG_WARN_ENUM_CONVERSION = YES;
				CLANG_WARN_INFINITE_RECURSION = YES;
				CLANG_WARN_INT_CONVERSION = YES;
				CLANG_WARN_NON_LITERAL_NULL_CONVERSION = YES;
				CLANG_WARN_OBJC_IMPLICIT_RETAIN_SELF = YES;
				CLANG_WARN_OBJC_LITERAL_CONVERSION = YES;
				CLANG_WARN_OBJC_ROOT_CLASS = YES_ERROR;
				CLANG_WARN_QUOTED_INCLUDE_IN_FRAMEWORK_HEADER = YES;
				CLANG_WARN_RANGE_LOOP_ANALYSIS = YES;
				CLANG_WARN_STRICT_PROTOTYPES = YES;
				CLANG_WARN_SUSPICIOUS_MOVE = YES;
				CLANG_WARN_UNGUARDED_AVAILABILITY = YES_AGGRESSIVE;
				CLANG_WARN_UNREACHABLE_CODE = YES;
				CLANG_WARN__DUPLICATE_METHOD_MATCH = YES;
				COPY_PHASE_STRIP = NO;
				DEBUG_INFORMATION_FORMAT = "dwarf-with-dsym";
				ENABLE_NS_ASSERTIONS = NO;
				ENABLE_STRICT_OBJC_MSGSEND = YES;
				ENABLE_USER_SCRIPT_SANDBOXING = YES;
				GCC_C_LANGUAGE_STANDARD = gnu17;
				GCC_NO_COMMON_BLOCKS = YES;
				GCC_WARN_64_TO_32_BIT_CONVERSION = YES;
				GCC_WARN_ABOUT_RETURN_TYPE = YES_ERROR;
				GCC_WARN_UNDECLARED_SELECTOR = YES;
				GCC_WARN_UNINITIALIZED_AUTOS = YES_AGGRESSIVE;
				GCC_WARN_UNUSED_FUNCTION = YES;
				GCC_WARN_UNUSED_VARIABLE = YES;
				IPHONEOS_DEPLOYMENT_TARGET = 18.2;
				LOCALIZATION_PREFERS_STRING_CATALOGS = YES;
				MTL_ENABLE_DEBUG_INFO = NO;
				MTL_FAST_MATH = YES;
				SDKROOT = iphoneos;
				SWIFT_COMPILATION_MODE = wholemodule;
				VALIDATE_PRODUCT = YES;
			};
			name = Release;
		};
		A5826F592DDD55F300BA6305 /* Debug */ = {
			isa = XCBuildConfiguration;
			buildSettings = {
				ASSETCATALOG_COMPILER_APPICON_NAME = AppIcon;
				ASSETCATALOG_COMPILER_GLOBAL_ACCENT_COLOR_NAME = AccentColor;
				CODE_SIGN_STYLE = Automatic;
				CURRENT_PROJECT_VERSION = 1;
				DEVELOPMENT_ASSET_PATHS = "\"flagguesser/Preview Content\"";
				DEVELOPMENT_TEAM = 459BVP2W33;
				ENABLE_PREVIEWS = YES;
				GENERATE_INFOPLIST_FILE = YES;
				INFOPLIST_KEY_UIApplicationSceneManifest_Generation = YES;
				INFOPLIST_KEY_UIApplicationSupportsIndirectInputEvents = YES;
				INFOPLIST_KEY_UILaunchScreen_Generation = YES;
				INFOPLIST_KEY_UISupportedInterfaceOrientations_iPad = "UIInterfaceOrientationPortrait UIInterfaceOrientationPortraitUpsideDown UIInterfaceOrientationLandscapeLeft UIInterfaceOrientationLandscapeRight";
				INFOPLIST_KEY_UISupportedInterfaceOrientations_iPhone = "UIInterfaceOrientationPortrait UIInterfaceOrientationLandscapeLeft UIInterfaceOrientationLandscapeRight";
				LD_RUNPATH_SEARCH_PATHS = (
					"$(inherited)",
					"@executable_path/Frameworks",
				);
				MARKETING_VERSION = 1.0;
				PRODUCT_BUNDLE_IDENTIFIER = matthewfang.flagguesser;
				PRODUCT_NAME = "$(TARGET_NAME)";
				SWIFT_EMIT_LOC_STRINGS = YES;
				SWIFT_VERSION = 5.0;
				TARGETED_DEVICE_FAMILY = "1,2";
			};
			name = Debug;
		};
		A5826F5A2DDD55F300BA6305 /* Release */ = {
			isa = XCBuildConfiguration;
			buildSettings = {
				ASSETCATALOG_COMPILER_APPICON_NAME = AppIcon;
				ASSETCATALOG_COMPILER_GLOBAL_ACCENT_COLOR_NAME = AccentColor;
				CODE_SIGN_STYLE = Automatic;
				CURRENT_PROJECT_VERSION = 1;
				DEVELOPMENT_ASSET_PATHS = "\"flagguesser/Preview Content\"";
				DEVELOPMENT_TEAM = 459BVP2W33;
				ENABLE_PREVIEWS = YES;
				GENERATE_INFOPLIST_FILE = YES;
				INFOPLIST_KEY_UIApplicationSceneManifest_Generation = YES;
				INFOPLIST_KEY_UIApplicationSupportsIndirectInputEvents = YES;
				INFOPLIST_KEY_UILaunchScreen_Generation = YES;
				INFOPLIST_KEY_UISupportedInterfaceOrientations_iPad = "UIInterfaceOrientationPortrait UIInterfaceOrientationPortraitUpsideDown UIInterfaceOrientationLandscapeLeft UIInterfaceOrientationLandscapeRight";
				INFOPLIST_KEY_UISupportedInterfaceOrientations_iPhone = "UIInterfaceOrientationPortrait UIInterfaceOrientationLandscapeLeft UIInterfaceOrientationLandscapeRight";
				LD_RUNPATH_SEARCH_PATHS = (
					"$(inherited)",
					"@executable_path/Frameworks",
				);
				MARKETING_VERSION = 1.0;
				PRODUCT_BUNDLE_IDENTIFIER = matthewfang.flagguesser;
				PRODUCT_NAME = "$(TARGET_NAME)";
				SWIFT_EMIT_LOC_STRINGS = YES;
				SWIFT_VERSION = 5.0;
				TARGETED_DEVICE_FAMILY = "1,2";
			};
			name = Release;
		};
		A5826F5C2DDD55F300BA6305 /* Debug */ = {
			isa = XCBuildConfiguration;
			buildSettings = {
				BUNDLE_LOADER = "$(TEST_HOST)";
				CODE_SIGN_STYLE = Automatic;
				CURRENT_PROJECT_VERSION = 1;
				DEVELOPMENT_TEAM = 459BVP2W33;
				GENERATE_INFOPLIST_FILE = YES;
				IPHONEOS_DEPLOYMENT_TARGET = 18.2;
				MARKETING_VERSION = 1.0;
				PRODUCT_BUNDLE_IDENTIFIER = matthewfang.flagguesserTests;
				PRODUCT_NAME = "$(TARGET_NAME)";
				SWIFT_EMIT_LOC_STRINGS = NO;
				SWIFT_VERSION = 5.0;
				TARGETED_DEVICE_FAMILY = "1,2";
				TEST_HOST = "$(BUILT_PRODUCTS_DIR)/flagguesser.app/$(BUNDLE_EXECUTABLE_FOLDER_PATH)/flagguesser";
			};
			name = Debug;
		};
		A5826F5D2DDD55F300BA6305 /* Release */ = {
			isa = XCBuildConfiguration;
			buildSettings = {
				BUNDLE_LOADER = "$(TEST_HOST)";
				CODE_SIGN_STYLE = Automatic;
				CURRENT_PROJECT_VERSION = 1;
				DEVELOPMENT_TEAM = 459BVP2W33;
				GENERATE_INFOPLIST_FILE = YES;
				IPHONEOS_DEPLOYMENT_TARGET = 18.2;
				MARKETING_VERSION = 1.0;
				PRODUCT_BUNDLE_IDENTIFIER = matthewfang.flagguesserTests;
				PRODUCT_NAME = "$(TARGET_NAME)";
				SWIFT_EMIT_LOC_STRINGS = NO;
				SWIFT_VERSION = 5.0;
				TARGETED_DEVICE_FAMILY = "1,2";
				TEST_HOST = "$(BUILT_PRODUCTS_DIR)/flagguesser.app/$(BUNDLE_EXECUTABLE_FOLDER_PATH)/flagguesser";
			};
			name = Release;
		};
		A5826F5F2DDD55F300BA6305 /* Debug */ = {
			isa = XCBuildConfiguration;
			buildSettings = {
				CODE_SIGN_STYLE = Automatic;
				CURRENT_PROJECT_VERSION = 1;
				DEVELOPMENT_TEAM = 459BVP2W33;
				GENERATE_INFOPLIST_FILE = YES;
				MARKETING_VERSION = 1.0;
				PRODUCT_BUNDLE_IDENTIFIER = matthewfang.flagguesserUITests;
				PRODUCT_NAME = "$(TARGET_NAME)";
				SWIFT_EMIT_LOC_STRINGS = NO;
				SWIFT_VERSION = 5.0;
				TARGETED_DEVICE_FAMILY = "1,2";
				TEST_TARGET_NAME = flagguesser;
			};
			name = Debug;
		};
		A5826F602DDD55F300BA6305 /* Release */ = {
			isa = XCBuildConfiguration;
			buildSettings = {
				CODE_SIGN_STYLE = Automatic;
				CURRENT_PROJECT_VERSION = 1;
				DEVELOPMENT_TEAM = 459BVP2W33;
				GENERATE_INFOPLIST_FILE = YES;
				MARKETING_VERSION = 1.0;
				PRODUCT_BUNDLE_IDENTIFIER = matthewfang.flagguesserUITests;
				PRODUCT_NAME = "$(TARGET_NAME)";
				SWIFT_EMIT_LOC_STRINGS = NO;
				SWIFT_VERSION = 5.0;
				TARGETED_DEVICE_FAMILY = "1,2";
				TEST_TARGET_NAME = flagguesser;
			};
			name = Release;
		};
/* End XCBuildConfiguration section */

/* Begin XCConfigurationList section */
		A5826F2F2DDD55F200BA6305 /* Build configuration list for PBXProject "flagguesser" */ = {
			isa = XCConfigurationList;
			buildConfigurations = (
				A5826F562DDD55F300BA6305 /* Debug */,
				A5826F572DDD55F300BA6305 /* Release */,
			);
			defaultConfigurationIsVisible = 0;
			defaultConfigurationName = Release;
		};
		A5826F582DDD55F300BA6305 /* Build configuration list for PBXNativeTarget "flagguesser" */ = {
			isa = XCConfigurationList;
			buildConfigurations = (
				A5826F592DDD55F300BA6305 /* Debug */,
				A5826F5A2DDD55F300BA6305 /* Release */,
			);
			defaultConfigurationIsVisible = 0;
			defaultConfigurationName = Release;
		};
		A5826F5B2DDD55F300BA6305 /* Build configuration list for PBXNativeTarget "flagguesserTests" */ = {
			isa = XCConfigurationList;
			buildConfigurations = (
				A5826F5C2DDD55F300BA6305 /* Debug */,
				A5826F5D2DDD55F300BA6305 /* Release */,
			);
			defaultConfigurationIsVisible = 0;
			defaultConfigurationName = Release;
		};
		A5826F5E2DDD55F300BA6305 /* Build configuration list for PBXNativeTarget "flagguesserUITests" */ = {
			isa = XCConfigurationList;
			buildConfigurations = (
				A5826F5F2DDD55F300BA6305 /* Debug */,
				A5826F602DDD55F300BA6305 /* Release */,
			);
			defaultConfigurationIsVisible = 0;
			defaultConfigurationName = Release;
		};
/* End XCConfigurationList section */
	};
	rootObject = A5826F2C2DDD55F200BA6305 /* Project object */;
}
